{
  "version": 4,
  "terraform_version": "1.6.6",
  "serial": 275,
  "lineage": "0a3c2bf5-e050-bbac-3590-b66f75f84106",
  "outputs": {},
  "resources": [
    {
      "mode": "data",
      "type": "aws_availability_zones",
      "name": "available",
      "provider": "provider[\"registry.terraform.io/hashicorp/aws\"]",
      "instances": [
        {
          "schema_version": 0,
          "attributes": {
            "all_availability_zones": null,
            "exclude_names": null,
            "exclude_zone_ids": null,
            "filter": null,
            "group_names": [
              "us-west-2"
            ],
            "id": "us-west-2",
            "names": [
              "us-west-2a",
              "us-west-2b",
              "us-west-2c",
              "us-west-2d"
            ],
            "state": "available",
            "timeouts": null,
            "zone_ids": [
              "usw2-az1",
              "usw2-az2",
              "usw2-az3",
              "usw2-az4"
            ]
          },
          "sensitive_attributes": []
        }
      ]
    },
    {
      "module": "module.apigateway",
      "mode": "managed",
      "type": "aws_apigatewayv2_api",
      "name": "interview-ace-websocket-api-gateway",
      "provider": "provider[\"registry.terraform.io/hashicorp/aws\"]",
      "instances": [
        {
          "schema_version": 0,
          "attributes": {
            "api_endpoint": "wss://329hwxsja2.execute-api.us-west-2.amazonaws.com",
            "api_key_selection_expression": "$request.header.x-api-key",
            "arn": "arn:aws:apigateway:us-west-2::/apis/329hwxsja2",
            "body": null,
            "cors_configuration": [],
            "credentials_arn": null,
            "description": "",
            "disable_execute_api_endpoint": false,
            "execution_arn": "arn:aws:execute-api:us-west-2:852056369035:329hwxsja2",
            "fail_on_warnings": null,
            "id": "329hwxsja2",
            "name": "interview-ace-websocket-api-gateway",
            "protocol_type": "WEBSOCKET",
            "route_key": null,
            "route_selection_expression": "$request.body.action",
            "tags": {},
            "tags_all": {},
            "target": null,
            "version": "1.0.0"
          },
          "sensitive_attributes": [],
          "private": "bnVsbA==",
          "dependencies": [
            "module.dynamodb.aws_dynamodb_table.interview-ace-websocket-connections-dynamodb-table",
            "module.dynamodb.aws_dynamodb_table.interview-ace-websocket-connections-history-dynamodb-table",
            "module.lambda.aws_iam_role.interview-ace-lambda-role",
            "module.lambda.aws_iam_role_policy_attachment.interview-ace-lambda-policy",
            "module.lambda.aws_lambda_function.interview-ace-websocket-lambda",
            "module.lambda.data.archive_file.interview-ace-websocket-lambda-package",
            "module.lambda.data.aws_iam_policy_document.interview-ace-lambda-assume-role-policy"
          ],
          "create_before_destroy": true
        }
      ]
    },
    {
      "module": "module.apigateway",
      "mode": "managed",
      "type": "aws_apigatewayv2_deployment",
      "name": "interview-ace-websocket-api-gateway-deployment",
      "provider": "provider[\"registry.terraform.io/hashicorp/aws\"]",
      "instances": [
        {
          "schema_version": 0,
          "attributes": {
            "api_id": "329hwxsja2",
            "auto_deployed": false,
            "description": "Interview Ace Websocket API deployment",
            "id": "vp2ac9",
            "triggers": null
          },
          "sensitive_attributes": [],
          "private": "bnVsbA==",
          "dependencies": [
            "module.apigateway.aws_apigatewayv2_api.interview-ace-websocket-api-gateway",
            "module.apigateway.aws_apigatewayv2_stage.interview-ace-websocket-api-gateway-stage",
            "module.dynamodb.aws_dynamodb_table.interview-ace-websocket-connections-dynamodb-table",
            "module.dynamodb.aws_dynamodb_table.interview-ace-websocket-connections-history-dynamodb-table",
            "module.lambda.aws_iam_role.interview-ace-lambda-role",
            "module.lambda.aws_iam_role_policy_attachment.interview-ace-lambda-policy",
            "module.lambda.aws_lambda_function.interview-ace-websocket-lambda",
            "module.lambda.data.archive_file.interview-ace-websocket-lambda-package",
            "module.lambda.data.aws_iam_policy_document.interview-ace-lambda-assume-role-policy"
          ],
          "create_before_destroy": true
        }
      ]
    },
    {
      "module": "module.apigateway",
      "mode": "managed",
      "type": "aws_apigatewayv2_integration",
      "name": "interview-ace-websocket-integration",
      "provider": "provider[\"registry.terraform.io/hashicorp/aws\"]",
      "instances": [
        {
          "schema_version": 0,
          "attributes": {
            "api_id": "329hwxsja2",
            "connection_id": "",
            "connection_type": "INTERNET",
            "content_handling_strategy": "CONVERT_TO_TEXT",
            "credentials_arn": "",
            "description": "Lambda websocket integration",
            "id": "4cqvlwi",
            "integration_method": "POST",
            "integration_response_selection_expression": "",
            "integration_subtype": "",
            "integration_type": "AWS_PROXY",
            "integration_uri": "arn:aws:lambda:us-west-2:852056369035:function:InterviewAceWebsocketLambda",
            "passthrough_behavior": "WHEN_NO_MATCH",
            "payload_format_version": "1.0",
            "request_parameters": {},
            "request_templates": {},
            "response_parameters": [],
            "template_selection_expression": "",
            "timeout_milliseconds": 29000,
            "tls_config": []
          },
          "sensitive_attributes": [],
          "private": "bnVsbA==",
          "dependencies": [
            "module.apigateway.aws_apigatewayv2_api.interview-ace-websocket-api-gateway",
            "module.dynamodb.aws_dynamodb_table.interview-ace-websocket-connections-dynamodb-table",
            "module.dynamodb.aws_dynamodb_table.interview-ace-websocket-connections-history-dynamodb-table",
            "module.lambda.aws_iam_role.interview-ace-lambda-role",
            "module.lambda.aws_iam_role_policy_attachment.interview-ace-lambda-policy",
            "module.lambda.aws_lambda_function.interview-ace-websocket-lambda",
            "module.lambda.data.archive_file.interview-ace-websocket-lambda-package",
            "module.lambda.data.aws_iam_policy_document.interview-ace-lambda-assume-role-policy"
          ]
        }
      ]
    },
    {
      "module": "module.apigateway",
      "mode": "managed",
      "type": "aws_apigatewayv2_route",
      "name": "interview-ace-websocket-route-connect",
      "provider": "provider[\"registry.terraform.io/hashicorp/aws\"]",
      "instances": [
        {
          "schema_version": 0,
          "attributes": {
            "api_id": "329hwxsja2",
            "api_key_required": false,
            "authorization_scopes": [],
            "authorization_type": "NONE",
            "authorizer_id": "",
            "id": "pv8pe6q",
            "model_selection_expression": "",
            "operation_name": "",
            "request_models": {},
            "request_parameter": [],
            "route_key": "$connect",
            "route_response_selection_expression": "",
            "target": "integrations/4cqvlwi"
          },
          "sensitive_attributes": [],
          "private": "bnVsbA==",
          "dependencies": [
            "module.apigateway.aws_apigatewayv2_api.interview-ace-websocket-api-gateway",
            "module.apigateway.aws_apigatewayv2_integration.interview-ace-websocket-integration",
            "module.dynamodb.aws_dynamodb_table.interview-ace-websocket-connections-dynamodb-table",
            "module.dynamodb.aws_dynamodb_table.interview-ace-websocket-connections-history-dynamodb-table",
            "module.lambda.aws_iam_role.interview-ace-lambda-role",
            "module.lambda.aws_iam_role_policy_attachment.interview-ace-lambda-policy",
            "module.lambda.aws_lambda_function.interview-ace-websocket-lambda",
            "module.lambda.data.archive_file.interview-ace-websocket-lambda-package",
            "module.lambda.data.aws_iam_policy_document.interview-ace-lambda-assume-role-policy"
          ]
        }
      ]
    },
    {
      "module": "module.apigateway",
      "mode": "managed",
      "type": "aws_apigatewayv2_route",
      "name": "interview-ace-websocket-route-default",
      "provider": "provider[\"registry.terraform.io/hashicorp/aws\"]",
      "instances": [
        {
          "schema_version": 0,
          "attributes": {
            "api_id": "329hwxsja2",
            "api_key_required": false,
            "authorization_scopes": [],
            "authorization_type": "NONE",
            "authorizer_id": "",
            "id": "1wufvuh",
            "model_selection_expression": "",
            "operation_name": "",
            "request_models": {},
            "request_parameter": [],
            "route_key": "$default",
            "route_response_selection_expression": "",
            "target": "integrations/4cqvlwi"
          },
          "sensitive_attributes": [],
          "private": "bnVsbA==",
          "dependencies": [
            "module.apigateway.aws_apigatewayv2_api.interview-ace-websocket-api-gateway",
            "module.apigateway.aws_apigatewayv2_integration.interview-ace-websocket-integration",
            "module.dynamodb.aws_dynamodb_table.interview-ace-websocket-connections-dynamodb-table",
            "module.dynamodb.aws_dynamodb_table.interview-ace-websocket-connections-history-dynamodb-table",
            "module.lambda.aws_iam_role.interview-ace-lambda-role",
            "module.lambda.aws_iam_role_policy_attachment.interview-ace-lambda-policy",
            "module.lambda.aws_lambda_function.interview-ace-websocket-lambda",
            "module.lambda.data.archive_file.interview-ace-websocket-lambda-package",
            "module.lambda.data.aws_iam_policy_document.interview-ace-lambda-assume-role-policy"
          ]
        }
      ]
    },
    {
      "module": "module.apigateway",
      "mode": "managed",
      "type": "aws_apigatewayv2_route",
      "name": "interview-ace-websocket-route-disconnect",
      "provider": "provider[\"registry.terraform.io/hashicorp/aws\"]",
      "instances": [
        {
          "schema_version": 0,
          "attributes": {
            "api_id": "329hwxsja2",
            "api_key_required": false,
            "authorization_scopes": [],
            "authorization_type": "NONE",
            "authorizer_id": "",
            "id": "a6ylmlc",
            "model_selection_expression": "",
            "operation_name": "",
            "request_models": {},
            "request_parameter": [],
            "route_key": "$disconnect",
            "route_response_selection_expression": "",
            "target": "integrations/4cqvlwi"
          },
          "sensitive_attributes": [],
          "private": "bnVsbA==",
          "dependencies": [
            "module.apigateway.aws_apigatewayv2_api.interview-ace-websocket-api-gateway",
            "module.apigateway.aws_apigatewayv2_integration.interview-ace-websocket-integration",
            "module.dynamodb.aws_dynamodb_table.interview-ace-websocket-connections-dynamodb-table",
            "module.dynamodb.aws_dynamodb_table.interview-ace-websocket-connections-history-dynamodb-table",
            "module.lambda.aws_iam_role.interview-ace-lambda-role",
            "module.lambda.aws_iam_role_policy_attachment.interview-ace-lambda-policy",
            "module.lambda.aws_lambda_function.interview-ace-websocket-lambda",
            "module.lambda.data.archive_file.interview-ace-websocket-lambda-package",
            "module.lambda.data.aws_iam_policy_document.interview-ace-lambda-assume-role-policy"
          ]
        }
      ]
    },
    {
      "module": "module.apigateway",
      "mode": "managed",
      "type": "aws_apigatewayv2_route_response",
      "name": "interview-ace-websocket-route-response-connect",
      "provider": "provider[\"registry.terraform.io/hashicorp/aws\"]",
      "instances": [
        {
          "schema_version": 0,
          "attributes": {
            "api_id": "329hwxsja2",
            "id": "lsdqzq",
            "model_selection_expression": "",
            "response_models": {},
            "route_id": "pv8pe6q",
            "route_response_key": "$default"
          },
          "sensitive_attributes": [],
          "private": "bnVsbA==",
          "dependencies": [
            "module.apigateway.aws_apigatewayv2_api.interview-ace-websocket-api-gateway",
            "module.apigateway.aws_apigatewayv2_integration.interview-ace-websocket-integration",
            "module.apigateway.aws_apigatewayv2_route.interview-ace-websocket-route-connect",
            "module.dynamodb.aws_dynamodb_table.interview-ace-websocket-connections-dynamodb-table",
            "module.dynamodb.aws_dynamodb_table.interview-ace-websocket-connections-history-dynamodb-table",
            "module.lambda.aws_iam_role.interview-ace-lambda-role",
            "module.lambda.aws_iam_role_policy_attachment.interview-ace-lambda-policy",
            "module.lambda.aws_lambda_function.interview-ace-websocket-lambda",
            "module.lambda.data.archive_file.interview-ace-websocket-lambda-package",
            "module.lambda.data.aws_iam_policy_document.interview-ace-lambda-assume-role-policy"
          ]
        }
      ]
    },
    {
      "module": "module.apigateway",
      "mode": "managed",
      "type": "aws_apigatewayv2_route_response",
      "name": "interview-ace-websocket-route-response-default",
      "provider": "provider[\"registry.terraform.io/hashicorp/aws\"]",
      "instances": [
        {
          "schema_version": 0,
          "attributes": {
            "api_id": "329hwxsja2",
            "id": "2hk583",
            "model_selection_expression": "",
            "response_models": {},
            "route_id": "1wufvuh",
            "route_response_key": "$default"
          },
          "sensitive_attributes": [],
          "private": "bnVsbA==",
          "dependencies": [
            "module.apigateway.aws_apigatewayv2_api.interview-ace-websocket-api-gateway",
            "module.apigateway.aws_apigatewayv2_integration.interview-ace-websocket-integration",
            "module.apigateway.aws_apigatewayv2_route.interview-ace-websocket-route-default",
            "module.dynamodb.aws_dynamodb_table.interview-ace-websocket-connections-dynamodb-table",
            "module.dynamodb.aws_dynamodb_table.interview-ace-websocket-connections-history-dynamodb-table",
            "module.lambda.aws_iam_role.interview-ace-lambda-role",
            "module.lambda.aws_iam_role_policy_attachment.interview-ace-lambda-policy",
            "module.lambda.aws_lambda_function.interview-ace-websocket-lambda",
            "module.lambda.data.archive_file.interview-ace-websocket-lambda-package",
            "module.lambda.data.aws_iam_policy_document.interview-ace-lambda-assume-role-policy"
          ]
        }
      ]
    },
    {
      "module": "module.apigateway",
      "mode": "managed",
      "type": "aws_apigatewayv2_route_response",
      "name": "interview-ace-websocket-route-response-disconnect",
      "provider": "provider[\"registry.terraform.io/hashicorp/aws\"]",
      "instances": [
        {
          "schema_version": 0,
          "attributes": {
            "api_id": "329hwxsja2",
            "id": "aa17oy",
            "model_selection_expression": "",
            "response_models": {},
            "route_id": "a6ylmlc",
            "route_response_key": "$default"
          },
          "sensitive_attributes": [],
          "private": "bnVsbA==",
          "dependencies": [
            "module.apigateway.aws_apigatewayv2_api.interview-ace-websocket-api-gateway",
            "module.apigateway.aws_apigatewayv2_integration.interview-ace-websocket-integration",
            "module.apigateway.aws_apigatewayv2_route.interview-ace-websocket-route-disconnect",
            "module.dynamodb.aws_dynamodb_table.interview-ace-websocket-connections-dynamodb-table",
            "module.dynamodb.aws_dynamodb_table.interview-ace-websocket-connections-history-dynamodb-table",
            "module.lambda.aws_iam_role.interview-ace-lambda-role",
            "module.lambda.aws_iam_role_policy_attachment.interview-ace-lambda-policy",
            "module.lambda.aws_lambda_function.interview-ace-websocket-lambda",
            "module.lambda.data.archive_file.interview-ace-websocket-lambda-package",
            "module.lambda.data.aws_iam_policy_document.interview-ace-lambda-assume-role-policy"
          ]
        }
      ]
    },
    {
      "module": "module.apigateway",
      "mode": "managed",
      "type": "aws_apigatewayv2_stage",
      "name": "interview-ace-websocket-api-gateway-stage",
      "provider": "provider[\"registry.terraform.io/hashicorp/aws\"]",
      "instances": [
        {
          "schema_version": 0,
          "attributes": {
            "access_log_settings": [],
            "api_id": "329hwxsja2",
            "arn": "arn:aws:apigateway:us-west-2::/apis/329hwxsja2/stages/production",
            "auto_deploy": true,
            "client_certificate_id": "",
            "default_route_settings": [
              {
                "data_trace_enabled": true,
                "detailed_metrics_enabled": false,
                "logging_level": "INFO",
                "throttling_burst_limit": 50,
                "throttling_rate_limit": 100
              }
            ],
            "deployment_id": "g5o531",
            "description": "",
            "execution_arn": "arn:aws:execute-api:us-west-2:852056369035:329hwxsja2/production",
            "id": "production",
            "invoke_url": "wss://329hwxsja2.execute-api.us-west-2.amazonaws.com/production",
            "name": "production",
            "route_settings": [],
            "stage_variables": {},
            "tags": {},
            "tags_all": {}
          },
          "sensitive_attributes": [],
          "private": "bnVsbA==",
          "dependencies": [
            "module.apigateway.aws_apigatewayv2_api.interview-ace-websocket-api-gateway",
            "module.dynamodb.aws_dynamodb_table.interview-ace-websocket-connections-dynamodb-table",
            "module.dynamodb.aws_dynamodb_table.interview-ace-websocket-connections-history-dynamodb-table",
            "module.lambda.aws_iam_role.interview-ace-lambda-role",
            "module.lambda.aws_iam_role_policy_attachment.interview-ace-lambda-policy",
            "module.lambda.aws_lambda_function.interview-ace-websocket-lambda",
            "module.lambda.data.archive_file.interview-ace-websocket-lambda-package",
            "module.lambda.data.aws_iam_policy_document.interview-ace-lambda-assume-role-policy"
          ],
          "create_before_destroy": true
        }
      ]
    },
    {
      "module": "module.apigateway",
      "mode": "managed",
      "type": "aws_lambda_permission",
      "name": "interview-ace-websocket-lambda-trigger",
      "provider": "provider[\"registry.terraform.io/hashicorp/aws\"]",
      "instances": [
        {
          "schema_version": 0,
          "attributes": {
            "action": "lambda:InvokeFunction",
            "event_source_token": null,
            "function_name": "InterviewAceWebsocketLambda",
            "function_url_auth_type": null,
            "id": "AllowAllowLambdaInvokee",
            "principal": "apigateway.amazonaws.com",
            "principal_org_id": null,
            "qualifier": "",
            "source_account": null,
            "source_arn": "arn:aws:execute-api:us-west-2:852056369035:329hwxsja2/*",
            "statement_id": "AllowAllowLambdaInvokee",
            "statement_id_prefix": ""
          },
          "sensitive_attributes": [],
          "private": "bnVsbA==",
          "dependencies": [
            "module.apigateway.aws_apigatewayv2_api.interview-ace-websocket-api-gateway",
            "module.dynamodb.aws_dynamodb_table.interview-ace-websocket-connections-dynamodb-table",
            "module.dynamodb.aws_dynamodb_table.interview-ace-websocket-connections-history-dynamodb-table",
            "module.lambda.aws_iam_role.interview-ace-lambda-role",
            "module.lambda.aws_iam_role_policy_attachment.interview-ace-lambda-policy",
            "module.lambda.aws_lambda_function.interview-ace-websocket-lambda",
            "module.lambda.data.archive_file.interview-ace-websocket-lambda-package",
            "module.lambda.data.aws_iam_policy_document.interview-ace-lambda-assume-role-policy"
          ]
        }
      ]
    },
    {
      "module": "module.dynamodb",
      "mode": "managed",
      "type": "aws_dynamodb_table",
      "name": "interview-ace-websocket-connections-dynamodb-table",
      "provider": "provider[\"registry.terraform.io/hashicorp/aws\"]",
      "instances": [
        {
          "schema_version": 1,
          "attributes": {
            "arn": "arn:aws:dynamodb:us-west-2:852056369035:table/interview-ace-websocket-connections",
            "attribute": [
              {
                "name": "connection_id",
                "type": "S"
              }
            ],
            "billing_mode": "PROVISIONED",
            "deletion_protection_enabled": false,
            "global_secondary_index": [],
            "hash_key": "connection_id",
            "id": "interview-ace-websocket-connections",
            "import_table": [],
            "local_secondary_index": [],
            "name": "interview-ace-websocket-connections",
            "point_in_time_recovery": [
              {
                "enabled": false
              }
            ],
            "range_key": null,
            "read_capacity": 1,
            "replica": [],
            "restore_date_time": null,
            "restore_source_name": null,
            "restore_to_latest_time": null,
            "server_side_encryption": [],
            "stream_arn": "",
            "stream_enabled": false,
            "stream_label": "",
            "stream_view_type": "",
            "table_class": "STANDARD",
            "tags": {
              "Environment": "production",
              "Name": "interview-ace-websocket-connections"
            },
            "tags_all": {
              "Environment": "production",
              "Name": "interview-ace-websocket-connections"
            },
            "timeouts": null,
            "ttl": [
              {
                "attribute_name": "",
                "enabled": false
              }
            ],
            "write_capacity": 1
          },
          "sensitive_attributes": [],
          "private": "eyJlMmJmYjczMC1lY2FhLTExZTYtOGY4OC0zNDM2M2JjN2M0YzAiOnsiY3JlYXRlIjoxODAwMDAwMDAwMDAwLCJkZWxldGUiOjYwMDAwMDAwMDAwMCwidXBkYXRlIjozNjAwMDAwMDAwMDAwfSwic2NoZW1hX3ZlcnNpb24iOiIxIn0=",
          "create_before_destroy": true
        }
      ]
    },
    {
      "module": "module.dynamodb",
      "mode": "managed",
      "type": "aws_dynamodb_table",
      "name": "interview-ace-websocket-connections-history-dynamodb-table",
      "provider": "provider[\"registry.terraform.io/hashicorp/aws\"]",
      "instances": [
        {
          "schema_version": 1,
          "attributes": {
            "arn": "arn:aws:dynamodb:us-west-2:852056369035:table/interview-ace-websocket-connections-history",
            "attribute": [
              {
                "name": "connection_id",
                "type": "S"
              }
            ],
            "billing_mode": "PROVISIONED",
            "deletion_protection_enabled": false,
            "global_secondary_index": [],
            "hash_key": "connection_id",
            "id": "interview-ace-websocket-connections-history",
            "import_table": [],
            "local_secondary_index": [],
            "name": "interview-ace-websocket-connections-history",
            "point_in_time_recovery": [
              {
                "enabled": false
              }
            ],
            "range_key": null,
            "read_capacity": 1,
            "replica": [],
            "restore_date_time": null,
            "restore_source_name": null,
            "restore_to_latest_time": null,
            "server_side_encryption": [],
            "stream_arn": "",
            "stream_enabled": false,
            "stream_label": "",
            "stream_view_type": "",
            "table_class": "STANDARD",
            "tags": {
              "Environment": "production",
              "Name": "interview-ace-websocket-connections-history"
            },
            "tags_all": {
              "Environment": "production",
              "Name": "interview-ace-websocket-connections-history"
            },
            "timeouts": null,
            "ttl": [
              {
                "attribute_name": "",
                "enabled": false
              }
            ],
            "write_capacity": 1
          },
          "sensitive_attributes": [],
          "private": "eyJlMmJmYjczMC1lY2FhLTExZTYtOGY4OC0zNDM2M2JjN2M0YzAiOnsiY3JlYXRlIjoxODAwMDAwMDAwMDAwLCJkZWxldGUiOjYwMDAwMDAwMDAwMCwidXBkYXRlIjozNjAwMDAwMDAwMDAwfSwic2NoZW1hX3ZlcnNpb24iOiIxIn0=",
          "create_before_destroy": true
        }
      ]
    },
    {
      "module": "module.lambda",
      "mode": "data",
      "type": "archive_file",
      "name": "interview-ace-websocket-lambda-package",
      "provider": "provider[\"registry.terraform.io/hashicorp/archive\"]",
      "instances": [
        {
          "schema_version": 0,
          "attributes": {
            "exclude_symlink_directories": null,
            "excludes": null,
            "id": "eefc9e3f0e857facf65ebbc49d5ce1979e1f82dc",
            "output_base64sha256": "wS9QAyqPIlBLsOJn+P5y2/zeHvNuMC9rgBx1ZtURIxM=",
            "output_base64sha512": "VNVWzW/OYpx1Uhu25sA/TJ0M6TfauP3KI/RFhWYhxwvTXRZmdSjf4pMiL9IY1uOUHn0QfujXZ0YoQOtUHFzbsA==",
            "output_file_mode": null,
            "output_md5": "bef9a5c6a45ec749e3c7f47e72ac603a",
            "output_path": "websocket-lambda.zip",
            "output_sha": "eefc9e3f0e857facf65ebbc49d5ce1979e1f82dc",
            "output_sha256": "c12f50032a8f22504bb0e267f8fe72dbfcde1ef36e302f6b801c7566d5112313",
            "output_sha512": "54d556cd6fce629c75521bb6e6c03f4c9d0ce937dab8fdca23f445856621c70bd35d16667528dfe293222fd218d6e3941e7d107ee8d767462840eb541c5cdbb0",
            "output_size": 2231,
            "source": [],
            "source_content": null,
            "source_content_filename": null,
            "source_dir": null,
            "source_file": "modules/lambda/websocket-lambda/lambda.py",
            "type": "zip"
          },
          "sensitive_attributes": []
        }
      ]
    },
    {
      "module": "module.lambda",
      "mode": "data",
      "type": "aws_iam_policy_document",
      "name": "interview-ace-lambda-assume-role-policy",
      "provider": "provider[\"registry.terraform.io/hashicorp/aws\"]",
      "instances": [
        {
          "schema_version": 0,
          "attributes": {
            "id": "2690255455",
            "json": "{\n  \"Version\": \"2012-10-17\",\n  \"Statement\": [\n    {\n      \"Effect\": \"Allow\",\n      \"Action\": \"sts:AssumeRole\",\n      \"Principal\": {\n        \"Service\": \"lambda.amazonaws.com\"\n      }\n    }\n  ]\n}",
            "override_policy_documents": null,
            "policy_id": null,
            "source_policy_documents": null,
            "statement": [
              {
                "actions": [
                  "sts:AssumeRole"
                ],
                "condition": [],
                "effect": "Allow",
                "not_actions": [],
                "not_principals": [],
                "not_resources": [],
                "principals": [
                  {
                    "identifiers": [
                      "lambda.amazonaws.com"
                    ],
                    "type": "Service"
                  }
                ],
                "resources": [],
                "sid": ""
              }
            ],
            "version": "2012-10-17"
          },
          "sensitive_attributes": []
        }
      ]
    },
    {
      "module": "module.lambda",
      "mode": "managed",
      "type": "aws_iam_role",
      "name": "interview-ace-lambda-role",
      "provider": "provider[\"registry.terraform.io/hashicorp/aws\"]",
      "instances": [
        {
          "schema_version": 0,
          "attributes": {
            "arn": "arn:aws:iam::852056369035:role/interview-ace-lambda-role",
            "assume_role_policy": "{\"Statement\":[{\"Action\":\"sts:AssumeRole\",\"Effect\":\"Allow\",\"Principal\":{\"Service\":\"lambda.amazonaws.com\"}}],\"Version\":\"2012-10-17\"}",
            "create_date": "2024-01-08T04:19:25Z",
            "description": "",
            "force_detach_policies": false,
            "id": "interview-ace-lambda-role",
            "inline_policy": [
              {
                "name": "Test",
                "policy": "{\"Version\":\"2012-10-17\",\"Statement\":[{\"Action\":\"logs:CreateLogGroup\",\"Effect\":\"Allow\",\"Resource\":\"arn:aws:logs:us-west-2:852056369035:*\"},{\"Action\":[\"logs:CreateLogStream\",\"logs:PutLogEvents\"],\"Effect\":\"Allow\",\"Resource\":[\"arn:aws:logs:us-west-2:852056369035:log-group:/aws/lambda/*:*\"]}]}"
              }
            ],
            "managed_policy_arns": [
              "arn:aws:iam::852056369035:policy/service-role/AWSLambdaBasicExecutionRole-38650df8-4de2-4fe3-ba2b-ece3703a3ae6",
              "arn:aws:iam::aws:policy/AWSLambdaExecute",
              "arn:aws:iam::aws:policy/AWSNetworkManagerFullAccess",
              "arn:aws:iam::aws:policy/AmazonAPIGatewayAdministrator",
              "arn:aws:iam::aws:policy/AmazonDynamoDBFullAccess",
              "arn:aws:iam::aws:policy/AmazonEC2FullAccess",
              "arn:aws:iam::aws:policy/service-role/AWSLambdaBasicExecutionRole",
              "arn:aws:iam::aws:policy/service-role/AWSLambdaDynamoDBExecutionRole"
            ],
            "max_session_duration": 3600,
            "name": "interview-ace-lambda-role",
            "name_prefix": "",
            "path": "/",
            "permissions_boundary": "",
            "tags": {},
            "tags_all": {},
            "unique_id": "AROA4MYUEM6FUKES3KLNR"
          },
          "sensitive_attributes": [],
          "private": "bnVsbA==",
          "dependencies": [
            "module.dynamodb.aws_dynamodb_table.interview-ace-websocket-connections-dynamodb-table",
            "module.dynamodb.aws_dynamodb_table.interview-ace-websocket-connections-history-dynamodb-table",
            "module.lambda.data.aws_iam_policy_document.interview-ace-lambda-assume-role-policy"
          ],
          "create_before_destroy": true
        }
      ]
    },
    {
      "module": "module.lambda",
      "mode": "managed",
      "type": "aws_iam_role_policy_attachment",
      "name": "interview-ace-lambda-policy",
      "provider": "provider[\"registry.terraform.io/hashicorp/aws\"]",
      "instances": [
        {
          "schema_version": 0,
          "attributes": {
            "id": "interview-ace-lambda-role-20240108044716126600000001",
            "policy_arn": "arn:aws:iam::aws:policy/service-role/AWSLambdaBasicExecutionRole",
            "role": "interview-ace-lambda-role"
          },
          "sensitive_attributes": [],
          "private": "bnVsbA==",
          "dependencies": [
            "module.dynamodb.aws_dynamodb_table.interview-ace-websocket-connections-dynamodb-table",
            "module.dynamodb.aws_dynamodb_table.interview-ace-websocket-connections-history-dynamodb-table",
            "module.lambda.aws_iam_role.interview-ace-lambda-role",
            "module.lambda.data.aws_iam_policy_document.interview-ace-lambda-assume-role-policy"
          ],
          "create_before_destroy": true
        }
      ]
    },
    {
      "module": "module.lambda",
      "mode": "managed",
      "type": "aws_lambda_function",
      "name": "interview-ace-websocket-lambda",
      "provider": "provider[\"registry.terraform.io/hashicorp/aws\"]",
      "instances": [
        {
          "schema_version": 0,
          "attributes": {
            "architectures": [
              "arm64"
            ],
            "arn": "arn:aws:lambda:us-west-2:852056369035:function:InterviewAceWebsocketLambda",
            "code_signing_config_arn": "",
            "dead_letter_config": [],
            "description": "",
            "environment": [
              {
                "variables": {
                  "DYNAMODB_HISTORY_TABLE_NAME": "interview-ace-websocket-connections-history",
                  "DYNAMODB_TABLE_NAME": "interview-ace-websocket-connections"
                }
              }
            ],
            "ephemeral_storage": [
              {
                "size": 512
              }
            ],
            "file_system_config": [],
            "filename": "websocket-lambda.zip",
            "function_name": "InterviewAceWebsocketLambda",
            "handler": "lambda.lambda_handler",
            "id": "InterviewAceWebsocketLambda",
            "image_config": [],
            "image_uri": "",
            "invoke_arn": "arn:aws:apigateway:us-west-2:lambda:path/2015-03-31/functions/arn:aws:lambda:us-west-2:852056369035:function:InterviewAceWebsocketLambda/invocations",
            "kms_key_arn": "",
            "last_modified": "2024-01-09T04:07:25.000+0000",
            "layers": [],
            "memory_size": 128,
            "package_type": "Zip",
            "publish": false,
            "qualified_arn": "arn:aws:lambda:us-west-2:852056369035:function:InterviewAceWebsocketLambda:$LATEST",
            "qualified_invoke_arn": "arn:aws:apigateway:us-west-2:lambda:path/2015-03-31/functions/arn:aws:lambda:us-west-2:852056369035:function:InterviewAceWebsocketLambda:$LATEST/invocations",
            "replace_security_groups_on_destroy": null,
            "replacement_security_group_ids": null,
            "reserved_concurrent_executions": -1,
            "role": "arn:aws:iam::852056369035:role/interview-ace-lambda-role",
            "runtime": "python3.12",
            "s3_bucket": null,
            "s3_key": null,
            "s3_object_version": null,
            "signing_job_arn": "",
            "signing_profile_version_arn": "",
            "skip_destroy": false,
            "snap_start": [],
            "source_code_hash": "wS9QAyqPIlBLsOJn+P5y2/zeHvNuMC9rgBx1ZtURIxM=",
            "source_code_size": 2231,
            "tags": {},
            "tags_all": {},
            "timeout": 10,
            "timeouts": null,
            "tracing_config": [
              {
                "mode": "PassThrough"
              }
            ],
            "version": "$LATEST",
            "vpc_config": []
          },
          "sensitive_attributes": [],
          "private": "eyJlMmJmYjczMC1lY2FhLTExZTYtOGY4OC0zNDM2M2JjN2M0YzAiOnsiY3JlYXRlIjo2MDAwMDAwMDAwMDAsImRlbGV0ZSI6NjAwMDAwMDAwMDAwLCJ1cGRhdGUiOjYwMDAwMDAwMDAwMH19",
          "dependencies": [
            "module.dynamodb.aws_dynamodb_table.interview-ace-websocket-connections-dynamodb-table",
            "module.dynamodb.aws_dynamodb_table.interview-ace-websocket-connections-history-dynamodb-table",
            "module.lambda.aws_iam_role.interview-ace-lambda-role",
            "module.lambda.data.archive_file.interview-ace-websocket-lambda-package",
            "module.lambda.data.aws_iam_policy_document.interview-ace-lambda-assume-role-policy"
          ]
        }
      ]
    }
  ],
  "check_results": null
}
