{
  "version": 4,
  "terraform_version": "1.6.6",
  "serial": 467,
  "lineage": "0a3c2bf5-e050-bbac-3590-b66f75f84106",
  "outputs": {},
  "resources": [
    {
      "mode": "data",
      "type": "aws_availability_zones",
      "name": "available",
      "provider": "provider[\"registry.terraform.io/hashicorp/aws\"]",
      "instances": [
        {
          "schema_version": 0,
          "attributes": {
            "all_availability_zones": null,
            "exclude_names": null,
            "exclude_zone_ids": null,
            "filter": null,
            "group_names": [
              "us-west-2"
            ],
            "id": "us-west-2",
            "names": [
              "us-west-2a",
              "us-west-2b",
              "us-west-2c",
              "us-west-2d"
            ],
            "state": "available",
            "timeouts": null,
            "zone_ids": [
              "usw2-az1",
              "usw2-az2",
              "usw2-az3",
              "usw2-az4"
            ]
          },
          "sensitive_attributes": []
        }
      ]
    },
    {
      "module": "module.apigateway",
      "mode": "managed",
      "type": "aws_apigatewayv2_api",
      "name": "interview-ace-websocket-api-gateway",
      "provider": "provider[\"registry.terraform.io/hashicorp/aws\"]",
      "instances": [
        {
          "schema_version": 0,
          "attributes": {
            "api_endpoint": "wss://dznctmxfsd.execute-api.us-west-2.amazonaws.com",
            "api_key_selection_expression": "$request.header.x-api-key",
            "arn": "arn:aws:apigateway:us-west-2::/apis/dznctmxfsd",
            "body": null,
            "cors_configuration": [],
            "credentials_arn": null,
            "description": "",
            "disable_execute_api_endpoint": false,
            "execution_arn": "arn:aws:execute-api:us-west-2:852056369035:dznctmxfsd",
            "fail_on_warnings": null,
            "id": "dznctmxfsd",
            "name": "interview-ace-websocket-api-gateway",
            "protocol_type": "WEBSOCKET",
            "route_key": null,
            "route_selection_expression": "$request.body.action",
            "tags": null,
            "tags_all": {},
            "target": null,
            "version": "1.0.0"
          },
          "sensitive_attributes": [],
          "private": "bnVsbA==",
          "dependencies": [
            "module.dynamodb.aws_dynamodb_table.interview-ace-websocket-connections-dynamodb-table",
            "module.dynamodb.aws_dynamodb_table.interview-ace-websocket-connections-history-dynamodb-table",
            "module.lambda.aws_iam_role.interview-ace-lambda-role",
            "module.lambda.aws_iam_role_policy.interview-ace-lambda-policy",
            "module.lambda.aws_iam_role_policy_attachment.interview-ace-lambda-policy",
            "module.lambda.aws_lambda_function.interview-ace-websocket-lambda",
            "module.lambda.data.archive_file.interview-ace-websocket-lambda-package",
            "module.lambda.data.aws_iam_policy_document.interview-ace-lambda-assume-role-policy",
            "module.route53.aws_acm_certificate.api",
            "module.route53.aws_acm_certificate_validation.api",
            "module.route53.aws_route53_record.api-validation",
            "module.route53.data.aws_route53_zone.public"
          ],
          "create_before_destroy": true
        }
      ]
    },
    {
      "module": "module.apigateway",
      "mode": "managed",
      "type": "aws_apigatewayv2_api_mapping",
      "name": "interview-ace-websocket-api-mapping",
      "provider": "provider[\"registry.terraform.io/hashicorp/aws\"]",
      "instances": [
        {
          "schema_version": 0,
          "attributes": {
            "api_id": "dznctmxfsd",
            "api_mapping_key": "",
            "domain_name": "websocket.crackingthedataengineeringinterview.com",
            "id": "vf44pw",
            "stage": "production"
          },
          "sensitive_attributes": [],
          "private": "bnVsbA==",
          "dependencies": [
            "module.apigateway.aws_apigatewayv2_api.interview-ace-websocket-api-gateway",
            "module.apigateway.aws_apigatewayv2_domain_name.api",
            "module.apigateway.aws_apigatewayv2_stage.interview-ace-websocket-api-gateway-stage",
            "module.dynamodb.aws_dynamodb_table.interview-ace-websocket-connections-dynamodb-table",
            "module.dynamodb.aws_dynamodb_table.interview-ace-websocket-connections-history-dynamodb-table",
            "module.lambda.aws_iam_role.interview-ace-lambda-role",
            "module.lambda.aws_iam_role_policy.interview-ace-lambda-policy",
            "module.lambda.aws_iam_role_policy_attachment.interview-ace-lambda-policy",
            "module.lambda.aws_lambda_function.interview-ace-websocket-lambda",
            "module.lambda.data.archive_file.interview-ace-websocket-lambda-package",
            "module.lambda.data.aws_iam_policy_document.interview-ace-lambda-assume-role-policy",
            "module.route53.aws_acm_certificate.api",
            "module.route53.aws_acm_certificate_validation.api",
            "module.route53.aws_route53_record.api-validation",
            "module.route53.data.aws_route53_zone.public"
          ]
        }
      ]
    },
    {
      "module": "module.apigateway",
      "mode": "managed",
      "type": "aws_apigatewayv2_deployment",
      "name": "interview-ace-websocket-api-gateway-deployment",
      "provider": "provider[\"registry.terraform.io/hashicorp/aws\"]",
      "instances": [
        {
          "schema_version": 0,
          "attributes": {
            "api_id": "dznctmxfsd",
            "auto_deployed": false,
            "description": "Interview Ace Websocket API deployment",
            "id": "xn88sb",
            "triggers": null
          },
          "sensitive_attributes": [],
          "private": "bnVsbA==",
          "dependencies": [
            "module.apigateway.aws_apigatewayv2_api.interview-ace-websocket-api-gateway",
            "module.apigateway.aws_apigatewayv2_stage.interview-ace-websocket-api-gateway-stage",
            "module.dynamodb.aws_dynamodb_table.interview-ace-websocket-connections-dynamodb-table",
            "module.dynamodb.aws_dynamodb_table.interview-ace-websocket-connections-history-dynamodb-table",
            "module.lambda.aws_iam_role.interview-ace-lambda-role",
            "module.lambda.aws_iam_role_policy.interview-ace-lambda-policy",
            "module.lambda.aws_iam_role_policy_attachment.interview-ace-lambda-policy",
            "module.lambda.aws_lambda_function.interview-ace-websocket-lambda",
            "module.lambda.data.archive_file.interview-ace-websocket-lambda-package",
            "module.lambda.data.aws_iam_policy_document.interview-ace-lambda-assume-role-policy",
            "module.route53.aws_acm_certificate.api",
            "module.route53.aws_acm_certificate_validation.api",
            "module.route53.aws_route53_record.api-validation",
            "module.route53.data.aws_route53_zone.public"
          ],
          "create_before_destroy": true
        }
      ]
    },
    {
      "module": "module.apigateway",
      "mode": "managed",
      "type": "aws_apigatewayv2_domain_name",
      "name": "api",
      "provider": "provider[\"registry.terraform.io/hashicorp/aws\"]",
      "instances": [
        {
          "schema_version": 0,
          "attributes": {
            "api_mapping_selection_expression": "$request.basepath",
            "arn": "arn:aws:apigateway:us-west-2::/domainnames/websocket.crackingthedataengineeringinterview.com",
            "domain_name": "websocket.crackingthedataengineeringinterview.com",
            "domain_name_configuration": [
              {
                "certificate_arn": "arn:aws:acm:us-west-2:852056369035:certificate/b9962b14-a610-4eb4-9d9d-e0bfe34e9dba",
                "endpoint_type": "REGIONAL",
                "hosted_zone_id": "Z2OJLYMUO9EFXC",
                "ownership_verification_certificate_arn": "",
                "security_policy": "TLS_1_2",
                "target_domain_name": "d-eucc1sigk9.execute-api.us-west-2.amazonaws.com"
              }
            ],
            "id": "websocket.crackingthedataengineeringinterview.com",
            "mutual_tls_authentication": [],
            "tags": null,
            "tags_all": {},
            "timeouts": null
          },
          "sensitive_attributes": [],
          "private": "eyJlMmJmYjczMC1lY2FhLTExZTYtOGY4OC0zNDM2M2JjN2M0YzAiOnsiY3JlYXRlIjo2MDAwMDAwMDAwMDAsInVwZGF0ZSI6MzYwMDAwMDAwMDAwMH19",
          "dependencies": [
            "module.dynamodb.aws_dynamodb_table.interview-ace-websocket-connections-dynamodb-table",
            "module.dynamodb.aws_dynamodb_table.interview-ace-websocket-connections-history-dynamodb-table",
            "module.lambda.aws_iam_role.interview-ace-lambda-role",
            "module.lambda.aws_iam_role_policy.interview-ace-lambda-policy",
            "module.lambda.aws_iam_role_policy_attachment.interview-ace-lambda-policy",
            "module.lambda.aws_lambda_function.interview-ace-websocket-lambda",
            "module.lambda.data.archive_file.interview-ace-websocket-lambda-package",
            "module.lambda.data.aws_iam_policy_document.interview-ace-lambda-assume-role-policy",
            "module.route53.aws_acm_certificate.api",
            "module.route53.aws_acm_certificate_validation.api",
            "module.route53.aws_route53_record.api-validation",
            "module.route53.data.aws_route53_zone.public"
          ]
        }
      ]
    },
    {
      "module": "module.apigateway",
      "mode": "managed",
      "type": "aws_apigatewayv2_integration",
      "name": "interview-ace-websocket-integration",
      "provider": "provider[\"registry.terraform.io/hashicorp/aws\"]",
      "instances": [
        {
          "schema_version": 0,
          "attributes": {
            "api_id": "dznctmxfsd",
            "connection_id": "",
            "connection_type": "INTERNET",
            "content_handling_strategy": "CONVERT_TO_TEXT",
            "credentials_arn": "",
            "description": "Lambda websocket integration",
            "id": "ldnc4bp",
            "integration_method": "POST",
            "integration_response_selection_expression": "",
            "integration_subtype": "",
            "integration_type": "AWS_PROXY",
            "integration_uri": "arn:aws:lambda:us-west-2:852056369035:function:InterviewAceWebsocketLambda",
            "passthrough_behavior": "WHEN_NO_MATCH",
            "payload_format_version": "1.0",
            "request_parameters": null,
            "request_templates": null,
            "response_parameters": [],
            "template_selection_expression": "",
            "timeout_milliseconds": 29000,
            "tls_config": []
          },
          "sensitive_attributes": [],
          "private": "bnVsbA==",
          "dependencies": [
            "module.apigateway.aws_apigatewayv2_api.interview-ace-websocket-api-gateway",
            "module.dynamodb.aws_dynamodb_table.interview-ace-websocket-connections-dynamodb-table",
            "module.dynamodb.aws_dynamodb_table.interview-ace-websocket-connections-history-dynamodb-table",
            "module.lambda.aws_iam_role.interview-ace-lambda-role",
            "module.lambda.aws_iam_role_policy.interview-ace-lambda-policy",
            "module.lambda.aws_iam_role_policy_attachment.interview-ace-lambda-policy",
            "module.lambda.aws_lambda_function.interview-ace-websocket-lambda",
            "module.lambda.data.archive_file.interview-ace-websocket-lambda-package",
            "module.lambda.data.aws_iam_policy_document.interview-ace-lambda-assume-role-policy",
            "module.route53.aws_acm_certificate.api",
            "module.route53.aws_acm_certificate_validation.api",
            "module.route53.aws_route53_record.api-validation",
            "module.route53.data.aws_route53_zone.public"
          ]
        }
      ]
    },
    {
      "module": "module.apigateway",
      "mode": "managed",
      "type": "aws_apigatewayv2_route",
      "name": "interview-ace-websocket-route-connect",
      "provider": "provider[\"registry.terraform.io/hashicorp/aws\"]",
      "instances": [
        {
          "schema_version": 0,
          "attributes": {
            "api_id": "dznctmxfsd",
            "api_key_required": false,
            "authorization_scopes": null,
            "authorization_type": "NONE",
            "authorizer_id": "",
            "id": "04extsq",
            "model_selection_expression": "",
            "operation_name": "",
            "request_models": null,
            "request_parameter": [],
            "route_key": "$connect",
            "route_response_selection_expression": "",
            "target": "integrations/ldnc4bp"
          },
          "sensitive_attributes": [],
          "private": "bnVsbA==",
          "dependencies": [
            "module.apigateway.aws_apigatewayv2_api.interview-ace-websocket-api-gateway",
            "module.apigateway.aws_apigatewayv2_integration.interview-ace-websocket-integration",
            "module.dynamodb.aws_dynamodb_table.interview-ace-websocket-connections-dynamodb-table",
            "module.dynamodb.aws_dynamodb_table.interview-ace-websocket-connections-history-dynamodb-table",
            "module.lambda.aws_iam_role.interview-ace-lambda-role",
            "module.lambda.aws_iam_role_policy.interview-ace-lambda-policy",
            "module.lambda.aws_iam_role_policy_attachment.interview-ace-lambda-policy",
            "module.lambda.aws_lambda_function.interview-ace-websocket-lambda",
            "module.lambda.data.archive_file.interview-ace-websocket-lambda-package",
            "module.lambda.data.aws_iam_policy_document.interview-ace-lambda-assume-role-policy",
            "module.route53.aws_acm_certificate.api",
            "module.route53.aws_acm_certificate_validation.api",
            "module.route53.aws_route53_record.api-validation",
            "module.route53.data.aws_route53_zone.public"
          ]
        }
      ]
    },
    {
      "module": "module.apigateway",
      "mode": "managed",
      "type": "aws_apigatewayv2_route",
      "name": "interview-ace-websocket-route-default",
      "provider": "provider[\"registry.terraform.io/hashicorp/aws\"]",
      "instances": [
        {
          "schema_version": 0,
          "attributes": {
            "api_id": "dznctmxfsd",
            "api_key_required": false,
            "authorization_scopes": null,
            "authorization_type": "NONE",
            "authorizer_id": "",
            "id": "yzctss6",
            "model_selection_expression": "",
            "operation_name": "",
            "request_models": null,
            "request_parameter": [],
            "route_key": "$default",
            "route_response_selection_expression": "",
            "target": "integrations/ldnc4bp"
          },
          "sensitive_attributes": [],
          "private": "bnVsbA==",
          "dependencies": [
            "module.apigateway.aws_apigatewayv2_api.interview-ace-websocket-api-gateway",
            "module.apigateway.aws_apigatewayv2_integration.interview-ace-websocket-integration",
            "module.dynamodb.aws_dynamodb_table.interview-ace-websocket-connections-dynamodb-table",
            "module.dynamodb.aws_dynamodb_table.interview-ace-websocket-connections-history-dynamodb-table",
            "module.lambda.aws_iam_role.interview-ace-lambda-role",
            "module.lambda.aws_iam_role_policy.interview-ace-lambda-policy",
            "module.lambda.aws_iam_role_policy_attachment.interview-ace-lambda-policy",
            "module.lambda.aws_lambda_function.interview-ace-websocket-lambda",
            "module.lambda.data.archive_file.interview-ace-websocket-lambda-package",
            "module.lambda.data.aws_iam_policy_document.interview-ace-lambda-assume-role-policy",
            "module.route53.aws_acm_certificate.api",
            "module.route53.aws_acm_certificate_validation.api",
            "module.route53.aws_route53_record.api-validation",
            "module.route53.data.aws_route53_zone.public"
          ]
        }
      ]
    },
    {
      "module": "module.apigateway",
      "mode": "managed",
      "type": "aws_apigatewayv2_route",
      "name": "interview-ace-websocket-route-disconnect",
      "provider": "provider[\"registry.terraform.io/hashicorp/aws\"]",
      "instances": [
        {
          "schema_version": 0,
          "attributes": {
            "api_id": "dznctmxfsd",
            "api_key_required": false,
            "authorization_scopes": null,
            "authorization_type": "NONE",
            "authorizer_id": "",
            "id": "ftsdq7q",
            "model_selection_expression": "",
            "operation_name": "",
            "request_models": null,
            "request_parameter": [],
            "route_key": "$disconnect",
            "route_response_selection_expression": "",
            "target": "integrations/ldnc4bp"
          },
          "sensitive_attributes": [],
          "private": "bnVsbA==",
          "dependencies": [
            "module.apigateway.aws_apigatewayv2_api.interview-ace-websocket-api-gateway",
            "module.apigateway.aws_apigatewayv2_integration.interview-ace-websocket-integration",
            "module.dynamodb.aws_dynamodb_table.interview-ace-websocket-connections-dynamodb-table",
            "module.dynamodb.aws_dynamodb_table.interview-ace-websocket-connections-history-dynamodb-table",
            "module.lambda.aws_iam_role.interview-ace-lambda-role",
            "module.lambda.aws_iam_role_policy.interview-ace-lambda-policy",
            "module.lambda.aws_iam_role_policy_attachment.interview-ace-lambda-policy",
            "module.lambda.aws_lambda_function.interview-ace-websocket-lambda",
            "module.lambda.data.archive_file.interview-ace-websocket-lambda-package",
            "module.lambda.data.aws_iam_policy_document.interview-ace-lambda-assume-role-policy",
            "module.route53.aws_acm_certificate.api",
            "module.route53.aws_acm_certificate_validation.api",
            "module.route53.aws_route53_record.api-validation",
            "module.route53.data.aws_route53_zone.public"
          ]
        }
      ]
    },
    {
      "module": "module.apigateway",
      "mode": "managed",
      "type": "aws_apigatewayv2_route_response",
      "name": "interview-ace-websocket-route-response-connect",
      "provider": "provider[\"registry.terraform.io/hashicorp/aws\"]",
      "instances": [
        {
          "schema_version": 0,
          "attributes": {
            "api_id": "dznctmxfsd",
            "id": "n4p6m1",
            "model_selection_expression": "",
            "response_models": null,
            "route_id": "04extsq",
            "route_response_key": "$default"
          },
          "sensitive_attributes": [],
          "private": "bnVsbA==",
          "dependencies": [
            "module.apigateway.aws_apigatewayv2_api.interview-ace-websocket-api-gateway",
            "module.apigateway.aws_apigatewayv2_integration.interview-ace-websocket-integration",
            "module.apigateway.aws_apigatewayv2_route.interview-ace-websocket-route-connect",
            "module.dynamodb.aws_dynamodb_table.interview-ace-websocket-connections-dynamodb-table",
            "module.dynamodb.aws_dynamodb_table.interview-ace-websocket-connections-history-dynamodb-table",
            "module.lambda.aws_iam_role.interview-ace-lambda-role",
            "module.lambda.aws_iam_role_policy.interview-ace-lambda-policy",
            "module.lambda.aws_iam_role_policy_attachment.interview-ace-lambda-policy",
            "module.lambda.aws_lambda_function.interview-ace-websocket-lambda",
            "module.lambda.data.archive_file.interview-ace-websocket-lambda-package",
            "module.lambda.data.aws_iam_policy_document.interview-ace-lambda-assume-role-policy",
            "module.route53.aws_acm_certificate.api",
            "module.route53.aws_acm_certificate_validation.api",
            "module.route53.aws_route53_record.api-validation",
            "module.route53.data.aws_route53_zone.public"
          ]
        }
      ]
    },
    {
      "module": "module.apigateway",
      "mode": "managed",
      "type": "aws_apigatewayv2_route_response",
      "name": "interview-ace-websocket-route-response-default",
      "provider": "provider[\"registry.terraform.io/hashicorp/aws\"]",
      "instances": [
        {
          "schema_version": 0,
          "attributes": {
            "api_id": "dznctmxfsd",
            "id": "iaip36",
            "model_selection_expression": "",
            "response_models": null,
            "route_id": "yzctss6",
            "route_response_key": "$default"
          },
          "sensitive_attributes": [],
          "private": "bnVsbA==",
          "dependencies": [
            "module.apigateway.aws_apigatewayv2_api.interview-ace-websocket-api-gateway",
            "module.apigateway.aws_apigatewayv2_integration.interview-ace-websocket-integration",
            "module.apigateway.aws_apigatewayv2_route.interview-ace-websocket-route-default",
            "module.dynamodb.aws_dynamodb_table.interview-ace-websocket-connections-dynamodb-table",
            "module.dynamodb.aws_dynamodb_table.interview-ace-websocket-connections-history-dynamodb-table",
            "module.lambda.aws_iam_role.interview-ace-lambda-role",
            "module.lambda.aws_iam_role_policy.interview-ace-lambda-policy",
            "module.lambda.aws_iam_role_policy_attachment.interview-ace-lambda-policy",
            "module.lambda.aws_lambda_function.interview-ace-websocket-lambda",
            "module.lambda.data.archive_file.interview-ace-websocket-lambda-package",
            "module.lambda.data.aws_iam_policy_document.interview-ace-lambda-assume-role-policy",
            "module.route53.aws_acm_certificate.api",
            "module.route53.aws_acm_certificate_validation.api",
            "module.route53.aws_route53_record.api-validation",
            "module.route53.data.aws_route53_zone.public"
          ]
        }
      ]
    },
    {
      "module": "module.apigateway",
      "mode": "managed",
      "type": "aws_apigatewayv2_route_response",
      "name": "interview-ace-websocket-route-response-disconnect",
      "provider": "provider[\"registry.terraform.io/hashicorp/aws\"]",
      "instances": [
        {
          "schema_version": 0,
          "attributes": {
            "api_id": "dznctmxfsd",
            "id": "sh239q",
            "model_selection_expression": "",
            "response_models": null,
            "route_id": "ftsdq7q",
            "route_response_key": "$default"
          },
          "sensitive_attributes": [],
          "private": "bnVsbA==",
          "dependencies": [
            "module.apigateway.aws_apigatewayv2_api.interview-ace-websocket-api-gateway",
            "module.apigateway.aws_apigatewayv2_integration.interview-ace-websocket-integration",
            "module.apigateway.aws_apigatewayv2_route.interview-ace-websocket-route-disconnect",
            "module.dynamodb.aws_dynamodb_table.interview-ace-websocket-connections-dynamodb-table",
            "module.dynamodb.aws_dynamodb_table.interview-ace-websocket-connections-history-dynamodb-table",
            "module.lambda.aws_iam_role.interview-ace-lambda-role",
            "module.lambda.aws_iam_role_policy.interview-ace-lambda-policy",
            "module.lambda.aws_iam_role_policy_attachment.interview-ace-lambda-policy",
            "module.lambda.aws_lambda_function.interview-ace-websocket-lambda",
            "module.lambda.data.archive_file.interview-ace-websocket-lambda-package",
            "module.lambda.data.aws_iam_policy_document.interview-ace-lambda-assume-role-policy",
            "module.route53.aws_acm_certificate.api",
            "module.route53.aws_acm_certificate_validation.api",
            "module.route53.aws_route53_record.api-validation",
            "module.route53.data.aws_route53_zone.public"
          ]
        }
      ]
    },
    {
      "module": "module.apigateway",
      "mode": "managed",
      "type": "aws_apigatewayv2_stage",
      "name": "interview-ace-websocket-api-gateway-stage",
      "provider": "provider[\"registry.terraform.io/hashicorp/aws\"]",
      "instances": [
        {
          "schema_version": 0,
          "attributes": {
            "access_log_settings": [],
            "api_id": "dznctmxfsd",
            "arn": "arn:aws:apigateway:us-west-2::/apis/dznctmxfsd/stages/production",
            "auto_deploy": true,
            "client_certificate_id": "",
            "default_route_settings": [
              {
                "data_trace_enabled": true,
                "detailed_metrics_enabled": false,
                "logging_level": "INFO",
                "throttling_burst_limit": 50,
                "throttling_rate_limit": 100
              }
            ],
            "deployment_id": "",
            "description": "",
            "execution_arn": "arn:aws:execute-api:us-west-2:852056369035:dznctmxfsd/production",
            "id": "production",
            "invoke_url": "wss://dznctmxfsd.execute-api.us-west-2.amazonaws.com/production",
            "name": "production",
            "route_settings": [],
            "stage_variables": null,
            "tags": null,
            "tags_all": {}
          },
          "sensitive_attributes": [],
          "private": "bnVsbA==",
          "dependencies": [
            "module.apigateway.aws_apigatewayv2_api.interview-ace-websocket-api-gateway",
            "module.dynamodb.aws_dynamodb_table.interview-ace-websocket-connections-dynamodb-table",
            "module.dynamodb.aws_dynamodb_table.interview-ace-websocket-connections-history-dynamodb-table",
            "module.lambda.aws_iam_role.interview-ace-lambda-role",
            "module.lambda.aws_iam_role_policy.interview-ace-lambda-policy",
            "module.lambda.aws_iam_role_policy_attachment.interview-ace-lambda-policy",
            "module.lambda.aws_lambda_function.interview-ace-websocket-lambda",
            "module.lambda.data.archive_file.interview-ace-websocket-lambda-package",
            "module.lambda.data.aws_iam_policy_document.interview-ace-lambda-assume-role-policy",
            "module.route53.aws_acm_certificate.api",
            "module.route53.aws_acm_certificate_validation.api",
            "module.route53.aws_route53_record.api-validation",
            "module.route53.data.aws_route53_zone.public"
          ],
          "create_before_destroy": true
        }
      ]
    },
    {
      "module": "module.apigateway",
      "mode": "managed",
      "type": "aws_lambda_permission",
      "name": "interview-ace-websocket-lambda-trigger",
      "provider": "provider[\"registry.terraform.io/hashicorp/aws\"]",
      "instances": [
        {
          "schema_version": 0,
          "attributes": {
            "action": "lambda:InvokeFunction",
            "event_source_token": null,
            "function_name": "InterviewAceWebsocketLambda",
            "function_url_auth_type": null,
            "id": "AllowAllowLambdaInvokee",
            "principal": "apigateway.amazonaws.com",
            "principal_org_id": null,
            "qualifier": "",
            "source_account": null,
            "source_arn": "arn:aws:execute-api:us-west-2:852056369035:dznctmxfsd/*",
            "statement_id": "AllowAllowLambdaInvokee",
            "statement_id_prefix": ""
          },
          "sensitive_attributes": [],
          "private": "bnVsbA==",
          "dependencies": [
            "module.apigateway.aws_apigatewayv2_api.interview-ace-websocket-api-gateway",
            "module.dynamodb.aws_dynamodb_table.interview-ace-websocket-connections-dynamodb-table",
            "module.dynamodb.aws_dynamodb_table.interview-ace-websocket-connections-history-dynamodb-table",
            "module.lambda.aws_iam_role.interview-ace-lambda-role",
            "module.lambda.aws_iam_role_policy.interview-ace-lambda-policy",
            "module.lambda.aws_iam_role_policy_attachment.interview-ace-lambda-policy",
            "module.lambda.aws_lambda_function.interview-ace-websocket-lambda",
            "module.lambda.data.archive_file.interview-ace-websocket-lambda-package",
            "module.lambda.data.aws_iam_policy_document.interview-ace-lambda-assume-role-policy",
            "module.route53.aws_acm_certificate.api",
            "module.route53.aws_acm_certificate_validation.api",
            "module.route53.aws_route53_record.api-validation",
            "module.route53.data.aws_route53_zone.public"
          ]
        }
      ]
    },
    {
      "module": "module.apigateway",
      "mode": "managed",
      "type": "aws_route53_record",
      "name": "api",
      "provider": "provider[\"registry.terraform.io/hashicorp/aws\"]",
      "instances": [
        {
          "schema_version": 2,
          "attributes": {
            "alias": [
              {
                "evaluate_target_health": false,
                "name": "d-eucc1sigk9.execute-api.us-west-2.amazonaws.com",
                "zone_id": "Z2OJLYMUO9EFXC"
              }
            ],
            "allow_overwrite": null,
            "cidr_routing_policy": [],
            "failover_routing_policy": [],
            "fqdn": "websocket.crackingthedataengineeringinterview.com",
            "geolocation_routing_policy": [],
            "health_check_id": "",
            "id": "Z05442093LLS37HDSGDZ3_websocket.crackingthedataengineeringinterview.com_A",
            "latency_routing_policy": [],
            "multivalue_answer_routing_policy": false,
            "name": "websocket.crackingthedataengineeringinterview.com",
            "records": null,
            "set_identifier": "",
            "ttl": 0,
            "type": "A",
            "weighted_routing_policy": [],
            "zone_id": "Z05442093LLS37HDSGDZ3"
          },
          "sensitive_attributes": [],
          "private": "eyJzY2hlbWFfdmVyc2lvbiI6IjIifQ==",
          "dependencies": [
            "module.apigateway.aws_apigatewayv2_domain_name.api",
            "module.dynamodb.aws_dynamodb_table.interview-ace-websocket-connections-dynamodb-table",
            "module.dynamodb.aws_dynamodb_table.interview-ace-websocket-connections-history-dynamodb-table",
            "module.lambda.aws_iam_role.interview-ace-lambda-role",
            "module.lambda.aws_iam_role_policy.interview-ace-lambda-policy",
            "module.lambda.aws_iam_role_policy_attachment.interview-ace-lambda-policy",
            "module.lambda.aws_lambda_function.interview-ace-websocket-lambda",
            "module.lambda.data.archive_file.interview-ace-websocket-lambda-package",
            "module.lambda.data.aws_iam_policy_document.interview-ace-lambda-assume-role-policy",
            "module.route53.aws_acm_certificate.api",
            "module.route53.aws_acm_certificate_validation.api",
            "module.route53.aws_route53_record.api-validation",
            "module.route53.data.aws_route53_zone.public"
          ]
        }
      ]
    },
    {
      "module": "module.dynamodb",
      "mode": "managed",
      "type": "aws_dynamodb_table",
      "name": "interview-ace-websocket-connections-dynamodb-table",
      "provider": "provider[\"registry.terraform.io/hashicorp/aws\"]",
      "instances": [
        {
          "schema_version": 1,
          "attributes": {
            "arn": "arn:aws:dynamodb:us-west-2:852056369035:table/interview-ace-websocket-connections",
            "attribute": [
              {
                "name": "connection_id",
                "type": "S"
              }
            ],
            "billing_mode": "PROVISIONED",
            "deletion_protection_enabled": false,
            "global_secondary_index": [],
            "hash_key": "connection_id",
            "id": "interview-ace-websocket-connections",
            "import_table": [],
            "local_secondary_index": [],
            "name": "interview-ace-websocket-connections",
            "point_in_time_recovery": [
              {
                "enabled": false
              }
            ],
            "range_key": null,
            "read_capacity": 1,
            "replica": [],
            "restore_date_time": null,
            "restore_source_name": null,
            "restore_to_latest_time": null,
            "server_side_encryption": [],
            "stream_arn": "",
            "stream_enabled": false,
            "stream_label": "",
            "stream_view_type": "",
            "table_class": "STANDARD",
            "tags": {
              "Environment": "production",
              "Name": "interview-ace-websocket-connections"
            },
            "tags_all": {
              "Environment": "production",
              "Name": "interview-ace-websocket-connections"
            },
            "timeouts": null,
            "ttl": [
              {
                "attribute_name": "",
                "enabled": false
              }
            ],
            "write_capacity": 1
          },
          "sensitive_attributes": [],
          "private": "eyJlMmJmYjczMC1lY2FhLTExZTYtOGY4OC0zNDM2M2JjN2M0YzAiOnsiY3JlYXRlIjoxODAwMDAwMDAwMDAwLCJkZWxldGUiOjYwMDAwMDAwMDAwMCwidXBkYXRlIjozNjAwMDAwMDAwMDAwfSwic2NoZW1hX3ZlcnNpb24iOiIxIn0=",
          "create_before_destroy": true
        }
      ]
    },
    {
      "module": "module.dynamodb",
      "mode": "managed",
      "type": "aws_dynamodb_table",
      "name": "interview-ace-websocket-connections-history-dynamodb-table",
      "provider": "provider[\"registry.terraform.io/hashicorp/aws\"]",
      "instances": [
        {
          "schema_version": 1,
          "attributes": {
            "arn": "arn:aws:dynamodb:us-west-2:852056369035:table/interview-ace-websocket-connections-history",
            "attribute": [
              {
                "name": "connection_id",
                "type": "S"
              }
            ],
            "billing_mode": "PROVISIONED",
            "deletion_protection_enabled": false,
            "global_secondary_index": [],
            "hash_key": "connection_id",
            "id": "interview-ace-websocket-connections-history",
            "import_table": [],
            "local_secondary_index": [],
            "name": "interview-ace-websocket-connections-history",
            "point_in_time_recovery": [
              {
                "enabled": false
              }
            ],
            "range_key": null,
            "read_capacity": 1,
            "replica": [],
            "restore_date_time": null,
            "restore_source_name": null,
            "restore_to_latest_time": null,
            "server_side_encryption": [],
            "stream_arn": "",
            "stream_enabled": false,
            "stream_label": "",
            "stream_view_type": "",
            "table_class": "STANDARD",
            "tags": {
              "Environment": "production",
              "Name": "interview-ace-websocket-connections-history"
            },
            "tags_all": {
              "Environment": "production",
              "Name": "interview-ace-websocket-connections-history"
            },
            "timeouts": null,
            "ttl": [
              {
                "attribute_name": "",
                "enabled": false
              }
            ],
            "write_capacity": 1
          },
          "sensitive_attributes": [],
          "private": "eyJlMmJmYjczMC1lY2FhLTExZTYtOGY4OC0zNDM2M2JjN2M0YzAiOnsiY3JlYXRlIjoxODAwMDAwMDAwMDAwLCJkZWxldGUiOjYwMDAwMDAwMDAwMCwidXBkYXRlIjozNjAwMDAwMDAwMDAwfSwic2NoZW1hX3ZlcnNpb24iOiIxIn0=",
          "create_before_destroy": true
        }
      ]
    },
    {
      "module": "module.lambda",
      "mode": "data",
      "type": "archive_file",
      "name": "interview-ace-websocket-lambda-package",
      "provider": "provider[\"registry.terraform.io/hashicorp/archive\"]",
      "instances": [
        {
          "schema_version": 0,
          "attributes": {
            "exclude_symlink_directories": null,
            "excludes": null,
            "id": "174fd2e032da1c419b9b5cdab69f85f729804cad",
            "output_base64sha256": "ktOtSruKMPbSWDZhh/ypts/vSShcsLJlJHNCAX2bgYs=",
            "output_base64sha512": "h8LA00i+usBrm7Cpg6I7Qzg/136C6yZffPv4h2gwrdXCC+s5IQ1cmHlLravsdPAqsrj9vQ0UUbzzeAr/XqTJQA==",
            "output_file_mode": null,
            "output_md5": "e2a87837b73bc46586caf4b9726bc106",
            "output_path": "websocket-lambda.zip",
            "output_sha": "174fd2e032da1c419b9b5cdab69f85f729804cad",
            "output_sha256": "92d3ad4abb8a30f6d258366187fca9b6cfef49285cb0b265247342017d9b818b",
            "output_sha512": "87c2c0d348bebac06b9bb0a983a23b43383fd77e82eb265f7cfbf8876830add5c20beb39210d5c98794badabec74f02ab2b8fdbd0d1451bcf3780aff5ea4c940",
            "output_size": 2241,
            "source": [],
            "source_content": null,
            "source_content_filename": null,
            "source_dir": null,
            "source_file": "modules/lambda/websocket-lambda/lambda.py",
            "type": "zip"
          },
          "sensitive_attributes": []
        }
      ]
    },
    {
      "module": "module.lambda",
      "mode": "data",
      "type": "aws_iam_policy_document",
      "name": "interview-ace-lambda-assume-role-policy",
      "provider": "provider[\"registry.terraform.io/hashicorp/aws\"]",
      "instances": [
        {
          "schema_version": 0,
          "attributes": {
            "id": "2690255455",
            "json": "{\n  \"Version\": \"2012-10-17\",\n  \"Statement\": [\n    {\n      \"Effect\": \"Allow\",\n      \"Action\": \"sts:AssumeRole\",\n      \"Principal\": {\n        \"Service\": \"lambda.amazonaws.com\"\n      }\n    }\n  ]\n}",
            "override_policy_documents": null,
            "policy_id": null,
            "source_policy_documents": null,
            "statement": [
              {
                "actions": [
                  "sts:AssumeRole"
                ],
                "condition": [],
                "effect": "Allow",
                "not_actions": [],
                "not_principals": [],
                "not_resources": [],
                "principals": [
                  {
                    "identifiers": [
                      "lambda.amazonaws.com"
                    ],
                    "type": "Service"
                  }
                ],
                "resources": [],
                "sid": ""
              }
            ],
            "version": "2012-10-17"
          },
          "sensitive_attributes": []
        }
      ]
    },
    {
      "module": "module.lambda",
      "mode": "managed",
      "type": "aws_iam_role",
      "name": "interview-ace-lambda-role",
      "provider": "provider[\"registry.terraform.io/hashicorp/aws\"]",
      "instances": [
        {
          "schema_version": 0,
          "attributes": {
            "arn": "arn:aws:iam::852056369035:role/interview-ace-lambda-role",
            "assume_role_policy": "{\"Statement\":[{\"Action\":\"sts:AssumeRole\",\"Effect\":\"Allow\",\"Principal\":{\"Service\":\"lambda.amazonaws.com\"}}],\"Version\":\"2012-10-17\"}",
            "create_date": "2024-01-10T04:04:41Z",
            "description": "",
            "force_detach_policies": false,
            "id": "interview-ace-lambda-role",
            "inline_policy": [],
            "managed_policy_arns": [],
            "max_session_duration": 3600,
            "name": "interview-ace-lambda-role",
            "name_prefix": "",
            "path": "/",
            "permissions_boundary": "",
            "tags": null,
            "tags_all": {},
            "unique_id": "AROA4MYUEM6F2ZUVC4VBN"
          },
          "sensitive_attributes": [],
          "private": "bnVsbA==",
          "dependencies": [
            "module.dynamodb.aws_dynamodb_table.interview-ace-websocket-connections-dynamodb-table",
            "module.dynamodb.aws_dynamodb_table.interview-ace-websocket-connections-history-dynamodb-table",
            "module.lambda.data.aws_iam_policy_document.interview-ace-lambda-assume-role-policy",
            "module.route53.aws_acm_certificate.api",
            "module.route53.aws_acm_certificate_validation.api",
            "module.route53.aws_route53_record.api-validation",
            "module.route53.data.aws_route53_zone.public"
          ],
          "create_before_destroy": true
        }
      ]
    },
    {
      "module": "module.lambda",
      "mode": "managed",
      "type": "aws_iam_role_policy",
      "name": "interview-ace-lambda-policy",
      "provider": "provider[\"registry.terraform.io/hashicorp/aws\"]",
      "instances": [
        {
          "schema_version": 0,
          "attributes": {
            "id": "interview-ace-lambda-role:interview-ace-lambda-policy",
            "name": "interview-ace-lambda-policy",
            "name_prefix": "",
            "policy": "{\"Statement\":[{\"Action\":[\"execute-api:ManageConnections\",\"execute-api:Invoke\"],\"Effect\":\"Allow\",\"Resource\":\"arn:aws:execute-api:us-west-2:*:*\"},{\"Action\":[\"dynamodb:*\"],\"Effect\":\"Allow\",\"Resource\":\"arn:aws:dynamodb:us-west-2:*:*\"}]}",
            "role": "interview-ace-lambda-role"
          },
          "sensitive_attributes": [],
          "private": "bnVsbA==",
          "dependencies": [
            "module.dynamodb.aws_dynamodb_table.interview-ace-websocket-connections-dynamodb-table",
            "module.dynamodb.aws_dynamodb_table.interview-ace-websocket-connections-history-dynamodb-table",
            "module.lambda.aws_iam_role.interview-ace-lambda-role",
            "module.lambda.data.aws_iam_policy_document.interview-ace-lambda-assume-role-policy",
            "module.route53.aws_acm_certificate.api",
            "module.route53.aws_acm_certificate_validation.api",
            "module.route53.aws_route53_record.api-validation",
            "module.route53.data.aws_route53_zone.public"
          ],
          "create_before_destroy": true
        }
      ]
    },
    {
      "module": "module.lambda",
      "mode": "managed",
      "type": "aws_iam_role_policy_attachment",
      "name": "interview-ace-lambda-policy",
      "provider": "provider[\"registry.terraform.io/hashicorp/aws\"]",
      "instances": [
        {
          "schema_version": 0,
          "attributes": {
            "id": "interview-ace-lambda-role-20240110040442282600000002",
            "policy_arn": "arn:aws:iam::aws:policy/service-role/AWSLambdaBasicExecutionRole",
            "role": "interview-ace-lambda-role"
          },
          "sensitive_attributes": [],
          "private": "bnVsbA==",
          "dependencies": [
            "module.dynamodb.aws_dynamodb_table.interview-ace-websocket-connections-dynamodb-table",
            "module.dynamodb.aws_dynamodb_table.interview-ace-websocket-connections-history-dynamodb-table",
            "module.lambda.aws_iam_role.interview-ace-lambda-role",
            "module.lambda.data.aws_iam_policy_document.interview-ace-lambda-assume-role-policy",
            "module.route53.aws_acm_certificate.api",
            "module.route53.aws_acm_certificate_validation.api",
            "module.route53.aws_route53_record.api-validation",
            "module.route53.data.aws_route53_zone.public"
          ],
          "create_before_destroy": true
        }
      ]
    },
    {
      "module": "module.lambda",
      "mode": "managed",
      "type": "aws_lambda_function",
      "name": "interview-ace-websocket-lambda",
      "provider": "provider[\"registry.terraform.io/hashicorp/aws\"]",
      "instances": [
        {
          "schema_version": 0,
          "attributes": {
            "architectures": [
              "arm64"
            ],
            "arn": "arn:aws:lambda:us-west-2:852056369035:function:InterviewAceWebsocketLambda",
            "code_signing_config_arn": "",
            "dead_letter_config": [],
            "description": "",
            "environment": [
              {
                "variables": {
                  "DYNAMODB_HISTORY_TABLE_NAME": "interview-ace-websocket-connections-history",
                  "DYNAMODB_TABLE_NAME": "interview-ace-websocket-connections",
                  "WEBSOCKET_HTTP_ENDPOINT": "https://websocket.crackingthedataengineeringinterview.com"
                }
              }
            ],
            "ephemeral_storage": [
              {
                "size": 512
              }
            ],
            "file_system_config": [],
            "filename": "websocket-lambda.zip",
            "function_name": "InterviewAceWebsocketLambda",
            "handler": "lambda.lambda_handler",
            "id": "InterviewAceWebsocketLambda",
            "image_config": [],
            "image_uri": "",
            "invoke_arn": "arn:aws:apigateway:us-west-2:lambda:path/2015-03-31/functions/arn:aws:lambda:us-west-2:852056369035:function:InterviewAceWebsocketLambda/invocations",
            "kms_key_arn": "",
            "last_modified": "2024-01-10T04:04:50.293+0000",
            "layers": null,
            "memory_size": 128,
            "package_type": "Zip",
            "publish": false,
            "qualified_arn": "arn:aws:lambda:us-west-2:852056369035:function:InterviewAceWebsocketLambda:$LATEST",
            "qualified_invoke_arn": "arn:aws:apigateway:us-west-2:lambda:path/2015-03-31/functions/arn:aws:lambda:us-west-2:852056369035:function:InterviewAceWebsocketLambda:$LATEST/invocations",
            "replace_security_groups_on_destroy": null,
            "replacement_security_group_ids": null,
            "reserved_concurrent_executions": -1,
            "role": "arn:aws:iam::852056369035:role/interview-ace-lambda-role",
            "runtime": "python3.12",
            "s3_bucket": null,
            "s3_key": null,
            "s3_object_version": null,
            "signing_job_arn": "",
            "signing_profile_version_arn": "",
            "skip_destroy": false,
            "snap_start": [],
            "source_code_hash": "ktOtSruKMPbSWDZhh/ypts/vSShcsLJlJHNCAX2bgYs=",
            "source_code_size": 2241,
            "tags": null,
            "tags_all": {},
            "timeout": 10,
            "timeouts": null,
            "tracing_config": [
              {
                "mode": "PassThrough"
              }
            ],
            "version": "$LATEST",
            "vpc_config": []
          },
          "sensitive_attributes": [],
          "private": "eyJlMmJmYjczMC1lY2FhLTExZTYtOGY4OC0zNDM2M2JjN2M0YzAiOnsiY3JlYXRlIjo2MDAwMDAwMDAwMDAsImRlbGV0ZSI6NjAwMDAwMDAwMDAwLCJ1cGRhdGUiOjYwMDAwMDAwMDAwMH19",
          "dependencies": [
            "module.dynamodb.aws_dynamodb_table.interview-ace-websocket-connections-dynamodb-table",
            "module.dynamodb.aws_dynamodb_table.interview-ace-websocket-connections-history-dynamodb-table",
            "module.lambda.aws_iam_role.interview-ace-lambda-role",
            "module.lambda.data.archive_file.interview-ace-websocket-lambda-package",
            "module.lambda.data.aws_iam_policy_document.interview-ace-lambda-assume-role-policy",
            "module.route53.aws_acm_certificate.api",
            "module.route53.aws_acm_certificate_validation.api",
            "module.route53.aws_route53_record.api-validation",
            "module.route53.data.aws_route53_zone.public"
          ],
          "create_before_destroy": true
        }
      ]
    },
    {
      "module": "module.route53",
      "mode": "data",
      "type": "aws_route53_zone",
      "name": "public",
      "provider": "provider[\"registry.terraform.io/hashicorp/aws\"]",
      "instances": [
        {
          "schema_version": 0,
          "attributes": {
            "arn": "arn:aws:route53:::hostedzone/Z05442093LLS37HDSGDZ3",
            "caller_reference": "RISWorkflow-RD:aeb54079-0b75-4444-a3bc-d1a104c7cda7",
            "comment": "HostedZone created by Route53 Registrar",
            "id": "Z05442093LLS37HDSGDZ3",
            "linked_service_description": null,
            "linked_service_principal": null,
            "name": "crackingthedataengineeringinterview.com",
            "name_servers": [
              "ns-561.awsdns-06.net",
              "ns-1058.awsdns-04.org",
              "ns-1723.awsdns-23.co.uk",
              "ns-151.awsdns-18.com"
            ],
            "primary_name_server": "ns-561.awsdns-06.net",
            "private_zone": false,
            "resource_record_set_count": 5,
            "tags": {},
            "vpc_id": null,
            "zone_id": "Z05442093LLS37HDSGDZ3"
          },
          "sensitive_attributes": []
        }
      ]
    },
    {
      "module": "module.route53",
      "mode": "managed",
      "type": "aws_acm_certificate",
      "name": "api",
      "provider": "provider[\"registry.terraform.io/hashicorp/aws\"]",
      "instances": [
        {
          "schema_version": 0,
          "attributes": {
            "arn": "arn:aws:acm:us-west-2:852056369035:certificate/b9962b14-a610-4eb4-9d9d-e0bfe34e9dba",
            "certificate_authority_arn": "",
            "certificate_body": null,
            "certificate_chain": null,
            "domain_name": "websocket.crackingthedataengineeringinterview.com",
            "domain_validation_options": [
              {
                "domain_name": "websocket.crackingthedataengineeringinterview.com",
                "resource_record_name": "_3e6fb7f1155916095fa45a327cd2e5e7.websocket.crackingthedataengineeringinterview.com.",
                "resource_record_type": "CNAME",
                "resource_record_value": "_3b7471f28f16966f2886ba8435302429.mhbtsbpdnt.acm-validations.aws."
              }
            ],
            "early_renewal_duration": "",
            "id": "arn:aws:acm:us-west-2:852056369035:certificate/b9962b14-a610-4eb4-9d9d-e0bfe34e9dba",
            "key_algorithm": "RSA_2048",
            "not_after": "",
            "not_before": "",
            "options": [
              {
                "certificate_transparency_logging_preference": "ENABLED"
              }
            ],
            "pending_renewal": false,
            "private_key": null,
            "renewal_eligibility": "INELIGIBLE",
            "renewal_summary": [],
            "status": "PENDING_VALIDATION",
            "subject_alternative_names": [
              "websocket.crackingthedataengineeringinterview.com"
            ],
            "tags": null,
            "tags_all": {},
            "type": "AMAZON_ISSUED",
            "validation_emails": [],
            "validation_method": "DNS",
            "validation_option": []
          },
          "sensitive_attributes": [],
          "private": "bnVsbA==",
          "dependencies": [
            "module.route53.data.aws_route53_zone.public"
          ],
          "create_before_destroy": true
        }
      ]
    },
    {
      "module": "module.route53",
      "mode": "managed",
      "type": "aws_acm_certificate_validation",
      "name": "api",
      "provider": "provider[\"registry.terraform.io/hashicorp/aws\"]",
      "instances": [
        {
          "schema_version": 0,
          "attributes": {
            "certificate_arn": "arn:aws:acm:us-west-2:852056369035:certificate/b9962b14-a610-4eb4-9d9d-e0bfe34e9dba",
            "id": "2024-01-10 04:04:02.576 +0000 UTC",
            "timeouts": null,
            "validation_record_fqdns": [
              "_3e6fb7f1155916095fa45a327cd2e5e7.websocket.crackingthedataengineeringinterview.com"
            ]
          },
          "sensitive_attributes": [],
          "private": "eyJlMmJmYjczMC1lY2FhLTExZTYtOGY4OC0zNDM2M2JjN2M0YzAiOnsiY3JlYXRlIjo0NTAwMDAwMDAwMDAwfX0=",
          "dependencies": [
            "module.route53.aws_acm_certificate.api",
            "module.route53.aws_route53_record.api-validation",
            "module.route53.data.aws_route53_zone.public"
          ],
          "create_before_destroy": true
        }
      ]
    },
    {
      "module": "module.route53",
      "mode": "managed",
      "type": "aws_route53_record",
      "name": "api-validation",
      "provider": "provider[\"registry.terraform.io/hashicorp/aws\"]",
      "instances": [
        {
          "index_key": "websocket.crackingthedataengineeringinterview.com",
          "schema_version": 2,
          "attributes": {
            "alias": [],
            "allow_overwrite": true,
            "cidr_routing_policy": [],
            "failover_routing_policy": [],
            "fqdn": "_3e6fb7f1155916095fa45a327cd2e5e7.websocket.crackingthedataengineeringinterview.com",
            "geolocation_routing_policy": [],
            "health_check_id": "",
            "id": "Z05442093LLS37HDSGDZ3__3e6fb7f1155916095fa45a327cd2e5e7.websocket.crackingthedataengineeringinterview.com._CNAME",
            "latency_routing_policy": [],
            "multivalue_answer_routing_policy": false,
            "name": "_3e6fb7f1155916095fa45a327cd2e5e7.websocket.crackingthedataengineeringinterview.com",
            "records": [
              "_3b7471f28f16966f2886ba8435302429.mhbtsbpdnt.acm-validations.aws."
            ],
            "set_identifier": "",
            "ttl": 60,
            "type": "CNAME",
            "weighted_routing_policy": [],
            "zone_id": "Z05442093LLS37HDSGDZ3"
          },
          "sensitive_attributes": [],
          "private": "eyJzY2hlbWFfdmVyc2lvbiI6IjIifQ==",
          "dependencies": [
            "module.route53.aws_acm_certificate.api",
            "module.route53.data.aws_route53_zone.public"
          ],
          "create_before_destroy": true
        }
      ]
    }
  ],
  "check_results": null
}
