// !$*UTF8*$!
{
	archiveVersion = 1;
	classes = {
	};
	objectVersion = 56;
	objects = {

/* Begin PBXBuildFile section */
		422941942AB152FA00F8DEF2 /* ProgressChart.swift in Sources */ = {isa = PBXBuildFile; fileRef = 4229418F2AB152FA00F8DEF2 /* ProgressChart.swift */; };
		422941952AB152FA00F8DEF2 /* TodaysTasks.swift in Sources */ = {isa = PBXBuildFile; fileRef = 422941902AB152FA00F8DEF2 /* TodaysTasks.swift */; };
		422941962AB152FA00F8DEF2 /* Streak.swift in Sources */ = {isa = PBXBuildFile; fileRef = 422941912AB152FA00F8DEF2 /* Streak.swift */; };
		422941972AB152FA00F8DEF2 /* AppBanner.swift in Sources */ = {isa = PBXBuildFile; fileRef = 422941922AB152FA00F8DEF2 /* AppBanner.swift */; };
		422941982AB152FA00F8DEF2 /* TimeSpent.swift in Sources */ = {isa = PBXBuildFile; fileRef = 422941932AB152FA00F8DEF2 /* TimeSpent.swift */; };
		4229419E2AB1534700F8DEF2 /* MyTasksSlider.swift in Sources */ = {isa = PBXBuildFile; fileRef = 4229419C2AB1534700F8DEF2 /* MyTasksSlider.swift */; };
		422941A22AB1538B00F8DEF2 /* Preview Assets.xcassets in Resources */ = {isa = PBXBuildFile; fileRef = 422941A12AB1538B00F8DEF2 /* Preview Assets.xcassets */; };
		422941A62AB1539D00F8DEF2 /* HomeScreenView.swift in Sources */ = {isa = PBXBuildFile; fileRef = 422941A42AB1539D00F8DEF2 /* HomeScreenView.swift */; };
		422941A72AB1539D00F8DEF2 /* MyTasksView.swift in Sources */ = {isa = PBXBuildFile; fileRef = 422941A52AB1539D00F8DEF2 /* MyTasksView.swift */; };
		422941AB2AB153B000F8DEF2 /* UserDefaultsHelper.swift in Sources */ = {isa = PBXBuildFile; fileRef = 422941A92AB153B000F8DEF2 /* UserDefaultsHelper.swift */; };
		422941AC2AB153B000F8DEF2 /* TutorialView.swift in Sources */ = {isa = PBXBuildFile; fileRef = 422941AA2AB153B000F8DEF2 /* TutorialView.swift */; };
		422941AF2AB153DD00F8DEF2 /* TaskEntity+CoreDataClass.swift in Sources */ = {isa = PBXBuildFile; fileRef = 422941AD2AB153DD00F8DEF2 /* TaskEntity+CoreDataClass.swift */; };
		422941B02AB153DD00F8DEF2 /* TaskEntity+CoreDataProperties.swift in Sources */ = {isa = PBXBuildFile; fileRef = 422941AE2AB153DD00F8DEF2 /* TaskEntity+CoreDataProperties.swift */; };
		422941B32AB1548800F8DEF2 /* ProgressEntity+CoreDataClass.swift in Sources */ = {isa = PBXBuildFile; fileRef = 422941B12AB1548700F8DEF2 /* ProgressEntity+CoreDataClass.swift */; };
		422941B42AB1548800F8DEF2 /* ProgressEntity+CoreDataProperties.swift in Sources */ = {isa = PBXBuildFile; fileRef = 422941B22AB1548700F8DEF2 /* ProgressEntity+CoreDataProperties.swift */; };
		422941B72AB1564400F8DEF2 /* DailyActivityEntity+CoreDataProperties.swift in Sources */ = {isa = PBXBuildFile; fileRef = 422941B52AB1564400F8DEF2 /* DailyActivityEntity+CoreDataProperties.swift */; };
		422941B82AB1564400F8DEF2 /* DailyActivityEntity+CoreDataClass.swift in Sources */ = {isa = PBXBuildFile; fileRef = 422941B62AB1564400F8DEF2 /* DailyActivityEntity+CoreDataClass.swift */; };
		422941BB2AB1595A00F8DEF2 /* StreakTrackerEntity+CoreDataClass.swift in Sources */ = {isa = PBXBuildFile; fileRef = 422941B92AB1595A00F8DEF2 /* StreakTrackerEntity+CoreDataClass.swift */; };
		422941BC2AB1595A00F8DEF2 /* StreakTrackerEntity+CoreDataProperties.swift in Sources */ = {isa = PBXBuildFile; fileRef = 422941BA2AB1595A00F8DEF2 /* StreakTrackerEntity+CoreDataProperties.swift */; };
		4267FC6D2ABCB19700A3EAB3 /* LICENSE.txt in Resources */ = {isa = PBXBuildFile; fileRef = 4267FC6C2ABCB19700A3EAB3 /* LICENSE.txt */; };
		4278313A2ABE1CC2001F845F /* SideMenu.swift in Sources */ = {isa = PBXBuildFile; fileRef = 427831392ABE1CC2001F845F /* SideMenu.swift */; };
		4278313E2ABE2221001F845F /* SideMenuView.swift in Sources */ = {isa = PBXBuildFile; fileRef = 4278313D2ABE2221001F845F /* SideMenuView.swift */; };
		427831412ABE2FB3001F845F /* logo.png in Resources */ = {isa = PBXBuildFile; fileRef = 427831402ABE2FB3001F845F /* logo.png */; };
		427831432ABE583D001F845F /* ResourcesView.swift in Sources */ = {isa = PBXBuildFile; fileRef = 427831422ABE583D001F845F /* ResourcesView.swift */; };
		42875C7B2ABF9DA300F53B86 /* AllTasksView.swift in Sources */ = {isa = PBXBuildFile; fileRef = 42875C7A2ABF9DA300F53B86 /* AllTasksView.swift */; };
		42875C802ABF9DFD00F53B86 /* AllTasksSlider.swift in Sources */ = {isa = PBXBuildFile; fileRef = 42875C7F2ABF9DFD00F53B86 /* AllTasksSlider.swift */; };
		42AAE7A92AB174EF00D6E27E /* InterviewAceTests.swift in Sources */ = {isa = PBXBuildFile; fileRef = 42AAE7A82AB174EF00D6E27E /* InterviewAceTests.swift */; };
		42CBC5122AB151B2001D19F9 /* Persistence.swift in Sources */ = {isa = PBXBuildFile; fileRef = 42CBC5112AB151B2001D19F9 /* Persistence.swift */; };
		42CBC5152AB1521D001D19F9 /* Colors.swift in Sources */ = {isa = PBXBuildFile; fileRef = 42CBC5142AB1521D001D19F9 /* Colors.swift */; };
		42CBC5172AB15221001D19F9 /* Utils.swift in Sources */ = {isa = PBXBuildFile; fileRef = 42CBC5162AB15221001D19F9 /* Utils.swift */; };
		42F8EC0C2AB14DEE00E74AB5 /* InterviewAceApp.swift in Sources */ = {isa = PBXBuildFile; fileRef = 42F8EC0B2AB14DEE00E74AB5 /* InterviewAceApp.swift */; };
		42F8EC182AB14DEF00E74AB5 /* InterviewAce.xcdatamodeld in Sources */ = {isa = PBXBuildFile; fileRef = 42F8EC162AB14DEF00E74AB5 /* InterviewAce.xcdatamodeld */; };
		42F8EC252AB14E2800E74AB5 /* tutorial1.png in Resources */ = {isa = PBXBuildFile; fileRef = 42F8EC1E2AB14E2800E74AB5 /* tutorial1.png */; };
		42F8EC262AB14E2800E74AB5 /* tasks.json in Resources */ = {isa = PBXBuildFile; fileRef = 42F8EC1F2AB14E2800E74AB5 /* tasks.json */; };
		42F8EC292AB14E2800E74AB5 /* tutorial2.png in Resources */ = {isa = PBXBuildFile; fileRef = 42F8EC222AB14E2800E74AB5 /* tutorial2.png */; };
		42F8EC2A2AB14E2800E74AB5 /* Fonts in Resources */ = {isa = PBXBuildFile; fileRef = 42F8EC232AB14E2800E74AB5 /* Fonts */; };
		42F8EC2B2AB14E2800E74AB5 /* tutorial3.png in Resources */ = {isa = PBXBuildFile; fileRef = 42F8EC242AB14E2800E74AB5 /* tutorial3.png */; };
		42F8EC3B2AB14E8400E74AB5 /* Media.xcassets in Resources */ = {isa = PBXBuildFile; fileRef = 42F8EC332AB14E8400E74AB5 /* Media.xcassets */; };
		42F8EC422AB1519700E74AB5 /* BootUtils.swift in Sources */ = {isa = PBXBuildFile; fileRef = 42F8EC412AB1519700E74AB5 /* BootUtils.swift */; };
		BE57F8282B44F2B3002039B5 /* FirebaseAnalytics in Frameworks */ = {isa = PBXBuildFile; productRef = BE57F8272B44F2B3002039B5 /* FirebaseAnalytics */; };
		BEFEBD072B43A74E00FBC370 /* Websocket.swift in Sources */ = {isa = PBXBuildFile; fileRef = BEFEBD062B43A74E00FBC370 /* Websocket.swift */; };
/* End PBXBuildFile section */

/* Begin PBXContainerItemProxy section */
		42AAE7A12AB1742D00D6E27E /* PBXContainerItemProxy */ = {
			isa = PBXContainerItemProxy;
			containerPortal = 42F8EC002AB14DEE00E74AB5 /* Project object */;
			proxyType = 1;
			remoteGlobalIDString = 42F8EC072AB14DEE00E74AB5;
			remoteInfo = InterviewAce;
		};
/* End PBXContainerItemProxy section */

/* Begin PBXFileReference section */
		4229418F2AB152FA00F8DEF2 /* ProgressChart.swift */ = {isa = PBXFileReference; fileEncoding = 4; lastKnownFileType = sourcecode.swift; path = ProgressChart.swift; sourceTree = "<group>"; };
		422941902AB152FA00F8DEF2 /* TodaysTasks.swift */ = {isa = PBXFileReference; fileEncoding = 4; lastKnownFileType = sourcecode.swift; path = TodaysTasks.swift; sourceTree = "<group>"; };
		422941912AB152FA00F8DEF2 /* Streak.swift */ = {isa = PBXFileReference; fileEncoding = 4; lastKnownFileType = sourcecode.swift; path = Streak.swift; sourceTree = "<group>"; };
		422941922AB152FA00F8DEF2 /* AppBanner.swift */ = {isa = PBXFileReference; fileEncoding = 4; lastKnownFileType = sourcecode.swift; path = AppBanner.swift; sourceTree = "<group>"; };
		422941932AB152FA00F8DEF2 /* TimeSpent.swift */ = {isa = PBXFileReference; fileEncoding = 4; lastKnownFileType = sourcecode.swift; path = TimeSpent.swift; sourceTree = "<group>"; };
		4229419C2AB1534700F8DEF2 /* MyTasksSlider.swift */ = {isa = PBXFileReference; fileEncoding = 4; lastKnownFileType = sourcecode.swift; path = MyTasksSlider.swift; sourceTree = "<group>"; };
		422941A12AB1538B00F8DEF2 /* Preview Assets.xcassets */ = {isa = PBXFileReference; lastKnownFileType = folder.assetcatalog; path = "Preview Assets.xcassets"; sourceTree = "<group>"; };
		422941A42AB1539D00F8DEF2 /* HomeScreenView.swift */ = {isa = PBXFileReference; fileEncoding = 4; lastKnownFileType = sourcecode.swift; path = HomeScreenView.swift; sourceTree = "<group>"; };
		422941A52AB1539D00F8DEF2 /* MyTasksView.swift */ = {isa = PBXFileReference; fileEncoding = 4; lastKnownFileType = sourcecode.swift; path = MyTasksView.swift; sourceTree = "<group>"; };
		422941A92AB153B000F8DEF2 /* UserDefaultsHelper.swift */ = {isa = PBXFileReference; fileEncoding = 4; lastKnownFileType = sourcecode.swift; path = UserDefaultsHelper.swift; sourceTree = "<group>"; };
		422941AA2AB153B000F8DEF2 /* TutorialView.swift */ = {isa = PBXFileReference; fileEncoding = 4; lastKnownFileType = sourcecode.swift; path = TutorialView.swift; sourceTree = "<group>"; };
		422941AD2AB153DD00F8DEF2 /* TaskEntity+CoreDataClass.swift */ = {isa = PBXFileReference; fileEncoding = 4; lastKnownFileType = sourcecode.swift; path = "TaskEntity+CoreDataClass.swift"; sourceTree = SOURCE_ROOT; };
		422941AE2AB153DD00F8DEF2 /* TaskEntity+CoreDataProperties.swift */ = {isa = PBXFileReference; fileEncoding = 4; lastKnownFileType = sourcecode.swift; path = "TaskEntity+CoreDataProperties.swift"; sourceTree = SOURCE_ROOT; };
		422941B12AB1548700F8DEF2 /* ProgressEntity+CoreDataClass.swift */ = {isa = PBXFileReference; fileEncoding = 4; lastKnownFileType = sourcecode.swift; path = "ProgressEntity+CoreDataClass.swift"; sourceTree = "<group>"; };
		422941B22AB1548700F8DEF2 /* ProgressEntity+CoreDataProperties.swift */ = {isa = PBXFileReference; fileEncoding = 4; lastKnownFileType = sourcecode.swift; path = "ProgressEntity+CoreDataProperties.swift"; sourceTree = "<group>"; };
		422941B52AB1564400F8DEF2 /* DailyActivityEntity+CoreDataProperties.swift */ = {isa = PBXFileReference; fileEncoding = 4; lastKnownFileType = sourcecode.swift; path = "DailyActivityEntity+CoreDataProperties.swift"; sourceTree = "<group>"; };
		422941B62AB1564400F8DEF2 /* DailyActivityEntity+CoreDataClass.swift */ = {isa = PBXFileReference; fileEncoding = 4; lastKnownFileType = sourcecode.swift; path = "DailyActivityEntity+CoreDataClass.swift"; sourceTree = "<group>"; };
		422941B92AB1595A00F8DEF2 /* StreakTrackerEntity+CoreDataClass.swift */ = {isa = PBXFileReference; lastKnownFileType = sourcecode.swift; path = "StreakTrackerEntity+CoreDataClass.swift"; sourceTree = "<group>"; };
		422941BA2AB1595A00F8DEF2 /* StreakTrackerEntity+CoreDataProperties.swift */ = {isa = PBXFileReference; lastKnownFileType = sourcecode.swift; path = "StreakTrackerEntity+CoreDataProperties.swift"; sourceTree = "<group>"; };
		422941BD2AB165B500F8DEF2 /* README.md */ = {isa = PBXFileReference; lastKnownFileType = net.daringfireball.markdown; path = README.md; sourceTree = "<group>"; };
		4267FC6C2ABCB19700A3EAB3 /* LICENSE.txt */ = {isa = PBXFileReference; fileEncoding = 4; lastKnownFileType = text; path = LICENSE.txt; sourceTree = SOURCE_ROOT; };
		427831392ABE1CC2001F845F /* SideMenu.swift */ = {isa = PBXFileReference; lastKnownFileType = sourcecode.swift; path = SideMenu.swift; sourceTree = "<group>"; };
		4278313D2ABE2221001F845F /* SideMenuView.swift */ = {isa = PBXFileReference; lastKnownFileType = sourcecode.swift; path = SideMenuView.swift; sourceTree = "<group>"; };
		4278313F2ABE2810001F845F /* appicon.png */ = {isa = PBXFileReference; lastKnownFileType = image.png; path = appicon.png; sourceTree = "<group>"; };
		427831402ABE2FB3001F845F /* logo.png */ = {isa = PBXFileReference; lastKnownFileType = image.png; path = logo.png; sourceTree = "<group>"; };
		427831422ABE583D001F845F /* ResourcesView.swift */ = {isa = PBXFileReference; lastKnownFileType = sourcecode.swift; path = ResourcesView.swift; sourceTree = "<group>"; };
		42875C7A2ABF9DA300F53B86 /* AllTasksView.swift */ = {isa = PBXFileReference; lastKnownFileType = sourcecode.swift; path = AllTasksView.swift; sourceTree = "<group>"; };
		42875C7F2ABF9DFD00F53B86 /* AllTasksSlider.swift */ = {isa = PBXFileReference; lastKnownFileType = sourcecode.swift; path = AllTasksSlider.swift; sourceTree = "<group>"; };
		42AAE79D2AB1742D00D6E27E /* InterviewAceTests.xctest */ = {isa = PBXFileReference; explicitFileType = wrapper.cfbundle; includeInIndex = 0; path = InterviewAceTests.xctest; sourceTree = BUILT_PRODUCTS_DIR; };
		42AAE7A82AB174EF00D6E27E /* InterviewAceTests.swift */ = {isa = PBXFileReference; lastKnownFileType = sourcecode.swift; path = InterviewAceTests.swift; sourceTree = "<group>"; };
		42AAE7AB2AB1752B00D6E27E /* TestPlan.xctestplan */ = {isa = PBXFileReference; lastKnownFileType = text; path = TestPlan.xctestplan; sourceTree = "<group>"; };
		42CBC5112AB151B2001D19F9 /* Persistence.swift */ = {isa = PBXFileReference; fileEncoding = 4; lastKnownFileType = sourcecode.swift; path = Persistence.swift; sourceTree = "<group>"; };
		42CBC5142AB1521D001D19F9 /* Colors.swift */ = {isa = PBXFileReference; fileEncoding = 4; lastKnownFileType = sourcecode.swift; name = Colors.swift; path = InterviewAce/Common/Colors.swift; sourceTree = SOURCE_ROOT; };
		42CBC5162AB15221001D19F9 /* Utils.swift */ = {isa = PBXFileReference; fileEncoding = 4; lastKnownFileType = sourcecode.swift; name = Utils.swift; path = InterviewAce/Common/Utils.swift; sourceTree = SOURCE_ROOT; };
		42F8EC082AB14DEE00E74AB5 /* InterviewAce.app */ = {isa = PBXFileReference; explicitFileType = wrapper.application; includeInIndex = 0; path = InterviewAce.app; sourceTree = BUILT_PRODUCTS_DIR; };
		42F8EC0B2AB14DEE00E74AB5 /* InterviewAceApp.swift */ = {isa = PBXFileReference; lastKnownFileType = sourcecode.swift; path = InterviewAceApp.swift; sourceTree = "<group>"; };
		42F8EC172AB14DEF00E74AB5 /* InterviewAce.xcdatamodel */ = {isa = PBXFileReference; lastKnownFileType = wrapper.xcdatamodel; path = InterviewAce.xcdatamodel; sourceTree = "<group>"; };
		42F8EC1E2AB14E2800E74AB5 /* tutorial1.png */ = {isa = PBXFileReference; lastKnownFileType = image.png; path = tutorial1.png; sourceTree = "<group>"; };
		42F8EC1F2AB14E2800E74AB5 /* tasks.json */ = {isa = PBXFileReference; fileEncoding = 4; lastKnownFileType = text.json; path = tasks.json; sourceTree = "<group>"; };
		42F8EC222AB14E2800E74AB5 /* tutorial2.png */ = {isa = PBXFileReference; lastKnownFileType = image.png; path = tutorial2.png; sourceTree = "<group>"; };
		42F8EC232AB14E2800E74AB5 /* Fonts */ = {isa = PBXFileReference; lastKnownFileType = folder; path = Fonts; sourceTree = "<group>"; };
		42F8EC242AB14E2800E74AB5 /* tutorial3.png */ = {isa = PBXFileReference; lastKnownFileType = image.png; path = tutorial3.png; sourceTree = "<group>"; };
		42F8EC332AB14E8400E74AB5 /* Media.xcassets */ = {isa = PBXFileReference; lastKnownFileType = folder.assetcatalog; path = Media.xcassets; sourceTree = "<group>"; };
		42F8EC412AB1519700E74AB5 /* BootUtils.swift */ = {isa = PBXFileReference; fileEncoding = 4; lastKnownFileType = sourcecode.swift; path = BootUtils.swift; sourceTree = "<group>"; };
		42FE56BE2AB2121E00F25DCD /* Info.plist */ = {isa = PBXFileReference; lastKnownFileType = text.plist; path = Info.plist; sourceTree = "<group>"; };
		BEFEBD062B43A74E00FBC370 /* Websocket.swift */ = {isa = PBXFileReference; lastKnownFileType = sourcecode.swift; path = Websocket.swift; sourceTree = "<group>"; };
/* End PBXFileReference section */

/* Begin PBXFrameworksBuildPhase section */
		42AAE79A2AB1742D00D6E27E /* Frameworks */ = {
			isa = PBXFrameworksBuildPhase;
			buildActionMask = 2147483647;
			files = (
			);
			runOnlyForDeploymentPostprocessing = 0;
		};
		42F8EC052AB14DEE00E74AB5 /* Frameworks */ = {
			isa = PBXFrameworksBuildPhase;
			buildActionMask = 2147483647;
			files = (
				BE57F8282B44F2B3002039B5 /* FirebaseAnalytics in Frameworks */,
			);
			runOnlyForDeploymentPostprocessing = 0;
		};
/* End PBXFrameworksBuildPhase section */

/* Begin PBXGroup section */
		422941842AB152A500F8DEF2 /* HomeScreenComponents */ = {
			isa = PBXGroup;
			children = (
				422941922AB152FA00F8DEF2 /* AppBanner.swift */,
				4229418F2AB152FA00F8DEF2 /* ProgressChart.swift */,
				422941912AB152FA00F8DEF2 /* Streak.swift */,
				422941932AB152FA00F8DEF2 /* TimeSpent.swift */,
				422941902AB152FA00F8DEF2 /* TodaysTasks.swift */,
				427831392ABE1CC2001F845F /* SideMenu.swift */,
				4278313D2ABE2221001F845F /* SideMenuView.swift */,
			);
			path = HomeScreenComponents;
			sourceTree = "<group>";
		};
		422941992AB1531C00F8DEF2 /* MyTasksScreenComponents */ = {
			isa = PBXGroup;
			children = (
				4229419C2AB1534700F8DEF2 /* MyTasksSlider.swift */,
			);
			path = MyTasksScreenComponents;
			sourceTree = "<group>";
		};
		422941A32AB1539400F8DEF2 /* Views */ = {
			isa = PBXGroup;
			children = (
				422941A42AB1539D00F8DEF2 /* HomeScreenView.swift */,
				422941A52AB1539D00F8DEF2 /* MyTasksView.swift */,
				427831422ABE583D001F845F /* ResourcesView.swift */,
				42875C7A2ABF9DA300F53B86 /* AllTasksView.swift */,
			);
			path = Views;
			sourceTree = "<group>";
		};
		422941A82AB153AA00F8DEF2 /* Tutorial */ = {
			isa = PBXGroup;
			children = (
				422941AA2AB153B000F8DEF2 /* TutorialView.swift */,
				422941A92AB153B000F8DEF2 /* UserDefaultsHelper.swift */,
			);
			path = Tutorial;
			sourceTree = "<group>";
		};
		42875C7E2ABF9DD900F53B86 /* AllTasksScreenComponents */ = {
			isa = PBXGroup;
			children = (
				42875C7F2ABF9DFD00F53B86 /* AllTasksSlider.swift */,
			);
			path = AllTasksScreenComponents;
			sourceTree = "<group>";
		};
		42AAE7A72AB174D600D6E27E /* InterviewAceTests */ = {
			isa = PBXGroup;
			children = (
				42AAE7A82AB174EF00D6E27E /* InterviewAceTests.swift */,
			);
			path = InterviewAceTests;
			sourceTree = "<group>";
		};
		42CBC5132AB151C4001D19F9 /* Boot */ = {
			isa = PBXGroup;
			children = (
				42CBC5112AB151B2001D19F9 /* Persistence.swift */,
				42F8EC412AB1519700E74AB5 /* BootUtils.swift */,
			);
			path = Boot;
			sourceTree = "<group>";
		};
		42CBC5182AB15226001D19F9 /* Common */ = {
			isa = PBXGroup;
			children = (
				42CBC5142AB1521D001D19F9 /* Colors.swift */,
				42CBC5162AB15221001D19F9 /* Utils.swift */,
			);
			path = Common;
			sourceTree = "<group>";
		};
		42F8EBFF2AB14DEE00E74AB5 = {
			isa = PBXGroup;
			children = (
				4267FC6C2ABCB19700A3EAB3 /* LICENSE.txt */,
				42AAE7AB2AB1752B00D6E27E /* TestPlan.xctestplan */,
				422941BD2AB165B500F8DEF2 /* README.md */,
				422941B62AB1564400F8DEF2 /* DailyActivityEntity+CoreDataClass.swift */,
				422941B52AB1564400F8DEF2 /* DailyActivityEntity+CoreDataProperties.swift */,
				422941B12AB1548700F8DEF2 /* ProgressEntity+CoreDataClass.swift */,
				422941B22AB1548700F8DEF2 /* ProgressEntity+CoreDataProperties.swift */,
				422941AD2AB153DD00F8DEF2 /* TaskEntity+CoreDataClass.swift */,
				422941AE2AB153DD00F8DEF2 /* TaskEntity+CoreDataProperties.swift */,
				422941B92AB1595A00F8DEF2 /* StreakTrackerEntity+CoreDataClass.swift */,
				422941BA2AB1595A00F8DEF2 /* StreakTrackerEntity+CoreDataProperties.swift */,
				4278313F2ABE2810001F845F /* appicon.png */,
				427831402ABE2FB3001F845F /* logo.png */,
				42F8EC232AB14E2800E74AB5 /* Fonts */,
				42F8EC1F2AB14E2800E74AB5 /* tasks.json */,
				42F8EC1E2AB14E2800E74AB5 /* tutorial1.png */,
				42F8EC222AB14E2800E74AB5 /* tutorial2.png */,
				42F8EC242AB14E2800E74AB5 /* tutorial3.png */,
				42AAE7A72AB174D600D6E27E /* InterviewAceTests */,
				42F8EC0A2AB14DEE00E74AB5 /* InterviewAce */,
				42F8EC092AB14DEE00E74AB5 /* Products */,
			);
			sourceTree = "<group>";
		};
		42F8EC092AB14DEE00E74AB5 /* Products */ = {
			isa = PBXGroup;
			children = (
				42F8EC082AB14DEE00E74AB5 /* InterviewAce.app */,
				42AAE79D2AB1742D00D6E27E /* InterviewAceTests.xctest */,
			);
			name = Products;
			sourceTree = "<group>";
		};
		42F8EC0A2AB14DEE00E74AB5 /* InterviewAce */ = {
			isa = PBXGroup;
			children = (
				42FE56BE2AB2121E00F25DCD /* Info.plist */,
				BEFEBD062B43A74E00FBC370 /* Websocket.swift */,
				422941A82AB153AA00F8DEF2 /* Tutorial */,
				422941A32AB1539400F8DEF2 /* Views */,
				422941992AB1531C00F8DEF2 /* MyTasksScreenComponents */,
				42875C7E2ABF9DD900F53B86 /* AllTasksScreenComponents */,
				422941842AB152A500F8DEF2 /* HomeScreenComponents */,
				42CBC5182AB15226001D19F9 /* Common */,
				42CBC5132AB151C4001D19F9 /* Boot */,
				42F8EC332AB14E8400E74AB5 /* Media.xcassets */,
				42F8EC0B2AB14DEE00E74AB5 /* InterviewAceApp.swift */,
				42F8EC162AB14DEF00E74AB5 /* InterviewAce.xcdatamodeld */,
				42F8EC112AB14DEF00E74AB5 /* Preview Content */,
			);
			path = InterviewAce;
			sourceTree = "<group>";
		};
		42F8EC112AB14DEF00E74AB5 /* Preview Content */ = {
			isa = PBXGroup;
			children = (
				422941A12AB1538B00F8DEF2 /* Preview Assets.xcassets */,
			);
			path = "Preview Content";
			sourceTree = "<group>";
		};
/* End PBXGroup section */

/* Begin PBXNativeTarget section */
		42AAE79C2AB1742D00D6E27E /* InterviewAceTests */ = {
			isa = PBXNativeTarget;
			buildConfigurationList = 42AAE7A52AB1742D00D6E27E /* Build configuration list for PBXNativeTarget "InterviewAceTests" */;
			buildPhases = (
				42AAE7992AB1742D00D6E27E /* Sources */,
				42AAE79A2AB1742D00D6E27E /* Frameworks */,
				42AAE79B2AB1742D00D6E27E /* Resources */,
			);
			buildRules = (
			);
			dependencies = (
				42AAE7A22AB1742D00D6E27E /* PBXTargetDependency */,
			);
			name = InterviewAceTests;
			productName = InterviewAceTests;
			productReference = 42AAE79D2AB1742D00D6E27E /* InterviewAceTests.xctest */;
			productType = "com.apple.product-type.bundle.unit-test";
		};
		42F8EC072AB14DEE00E74AB5 /* InterviewAce */ = {
			isa = PBXNativeTarget;
			buildConfigurationList = 42F8EC1B2AB14DEF00E74AB5 /* Build configuration list for PBXNativeTarget "InterviewAce" */;
			buildPhases = (
				42F8EC042AB14DEE00E74AB5 /* Sources */,
				42F8EC052AB14DEE00E74AB5 /* Frameworks */,
				42F8EC062AB14DEE00E74AB5 /* Resources */,
			);
			buildRules = (
			);
			dependencies = (
			);
			name = InterviewAce;
			packageProductDependencies = (
				BE57F8272B44F2B3002039B5 /* FirebaseAnalytics */,
			);
			productName = InterviewAce;
			productReference = 42F8EC082AB14DEE00E74AB5 /* InterviewAce.app */;
			productType = "com.apple.product-type.application";
		};
/* End PBXNativeTarget section */

/* Begin PBXProject section */
		42F8EC002AB14DEE00E74AB5 /* Project object */ = {
			isa = PBXProject;
			attributes = {
				BuildIndependentTargetsInParallel = 1;
				LastSwiftUpdateCheck = 1430;
				LastUpgradeCheck = 1430;
				TargetAttributes = {
					42AAE79C2AB1742D00D6E27E = {
						CreatedOnToolsVersion = 14.3.1;
						LastSwiftMigration = 1430;
						TestTargetID = 42F8EC072AB14DEE00E74AB5;
					};
					42F8EC072AB14DEE00E74AB5 = {
						CreatedOnToolsVersion = 14.3.1;
					};
				};
			};
			buildConfigurationList = 42F8EC032AB14DEE00E74AB5 /* Build configuration list for PBXProject "InterviewAce" */;
			compatibilityVersion = "Xcode 14.0";
			developmentRegion = en;
			hasScannedForEncodings = 0;
			knownRegions = (
				en,
				Base,
			);
			mainGroup = 42F8EBFF2AB14DEE00E74AB5;
			packageReferences = (
				BE57F8262B44F2B3002039B5 /* XCRemoteSwiftPackageReference "firebase-ios-sdk" */,
			);
			productRefGroup = 42F8EC092AB14DEE00E74AB5 /* Products */;
			projectDirPath = "";
			projectRoot = "";
			targets = (
				42F8EC072AB14DEE00E74AB5 /* InterviewAce */,
				42AAE79C2AB1742D00D6E27E /* InterviewAceTests */,
			);
		};
/* End PBXProject section */

/* Begin PBXResourcesBuildPhase section */
		42AAE79B2AB1742D00D6E27E /* Resources */ = {
			isa = PBXResourcesBuildPhase;
			buildActionMask = 2147483647;
			files = (
			);
			runOnlyForDeploymentPostprocessing = 0;
		};
		42F8EC062AB14DEE00E74AB5 /* Resources */ = {
			isa = PBXResourcesBuildPhase;
			buildActionMask = 2147483647;
			files = (
				422941A22AB1538B00F8DEF2 /* Preview Assets.xcassets in Resources */,
				42F8EC262AB14E2800E74AB5 /* tasks.json in Resources */,
				427831412ABE2FB3001F845F /* logo.png in Resources */,
				4267FC6D2ABCB19700A3EAB3 /* LICENSE.txt in Resources */,
				42F8EC252AB14E2800E74AB5 /* tutorial1.png in Resources */,
				42F8EC3B2AB14E8400E74AB5 /* Media.xcassets in Resources */,
				42F8EC292AB14E2800E74AB5 /* tutorial2.png in Resources */,
				42F8EC2B2AB14E2800E74AB5 /* tutorial3.png in Resources */,
				42F8EC2A2AB14E2800E74AB5 /* Fonts in Resources */,
			);
			runOnlyForDeploymentPostprocessing = 0;
		};
/* End PBXResourcesBuildPhase section */

/* Begin PBXSourcesBuildPhase section */
		42AAE7992AB1742D00D6E27E /* Sources */ = {
			isa = PBXSourcesBuildPhase;
			buildActionMask = 2147483647;
			files = (
				42AAE7A92AB174EF00D6E27E /* InterviewAceTests.swift in Sources */,
			);
			runOnlyForDeploymentPostprocessing = 0;
		};
		42F8EC042AB14DEE00E74AB5 /* Sources */ = {
			isa = PBXSourcesBuildPhase;
			buildActionMask = 2147483647;
			files = (
				422941AB2AB153B000F8DEF2 /* UserDefaultsHelper.swift in Sources */,
				422941BB2AB1595A00F8DEF2 /* StreakTrackerEntity+CoreDataClass.swift in Sources */,
				42875C802ABF9DFD00F53B86 /* AllTasksSlider.swift in Sources */,
				42F8EC0C2AB14DEE00E74AB5 /* InterviewAceApp.swift in Sources */,
				422941972AB152FA00F8DEF2 /* AppBanner.swift in Sources */,
				422941942AB152FA00F8DEF2 /* ProgressChart.swift in Sources */,
				42875C7B2ABF9DA300F53B86 /* AllTasksView.swift in Sources */,
				BEFEBD072B43A74E00FBC370 /* Websocket.swift in Sources */,
				422941A62AB1539D00F8DEF2 /* HomeScreenView.swift in Sources */,
				422941AC2AB153B000F8DEF2 /* TutorialView.swift in Sources */,
				42CBC5152AB1521D001D19F9 /* Colors.swift in Sources */,
				422941B42AB1548800F8DEF2 /* ProgressEntity+CoreDataProperties.swift in Sources */,
				422941AF2AB153DD00F8DEF2 /* TaskEntity+CoreDataClass.swift in Sources */,
				422941B82AB1564400F8DEF2 /* DailyActivityEntity+CoreDataClass.swift in Sources */,
				42CBC5122AB151B2001D19F9 /* Persistence.swift in Sources */,
				422941962AB152FA00F8DEF2 /* Streak.swift in Sources */,
				422941952AB152FA00F8DEF2 /* TodaysTasks.swift in Sources */,
				422941B32AB1548800F8DEF2 /* ProgressEntity+CoreDataClass.swift in Sources */,
				4278313E2ABE2221001F845F /* SideMenuView.swift in Sources */,
				422941B72AB1564400F8DEF2 /* DailyActivityEntity+CoreDataProperties.swift in Sources */,
				4229419E2AB1534700F8DEF2 /* MyTasksSlider.swift in Sources */,
				42F8EC422AB1519700E74AB5 /* BootUtils.swift in Sources */,
				422941982AB152FA00F8DEF2 /* TimeSpent.swift in Sources */,
				422941BC2AB1595A00F8DEF2 /* StreakTrackerEntity+CoreDataProperties.swift in Sources */,
				4278313A2ABE1CC2001F845F /* SideMenu.swift in Sources */,
				422941A72AB1539D00F8DEF2 /* MyTasksView.swift in Sources */,
				427831432ABE583D001F845F /* ResourcesView.swift in Sources */,
				422941B02AB153DD00F8DEF2 /* TaskEntity+CoreDataProperties.swift in Sources */,
				42F8EC182AB14DEF00E74AB5 /* InterviewAce.xcdatamodeld in Sources */,
				42CBC5172AB15221001D19F9 /* Utils.swift in Sources */,
			);
			runOnlyForDeploymentPostprocessing = 0;
		};
/* End PBXSourcesBuildPhase section */

/* Begin PBXTargetDependency section */
		42AAE7A22AB1742D00D6E27E /* PBXTargetDependency */ = {
			isa = PBXTargetDependency;
			target = 42F8EC072AB14DEE00E74AB5 /* InterviewAce */;
			targetProxy = 42AAE7A12AB1742D00D6E27E /* PBXContainerItemProxy */;
		};
/* End PBXTargetDependency section */

/* Begin XCBuildConfiguration section */
		42AAE7A32AB1742D00D6E27E /* Debug */ = {
			isa = XCBuildConfiguration;
			buildSettings = {
				BUNDLE_LOADER = "$(TEST_HOST)";
				CLANG_ENABLE_MODULES = YES;
				CODE_SIGN_STYLE = Automatic;
				CURRENT_PROJECT_VERSION = 1;
				DEVELOPMENT_TEAM = L4E7659XTW;
				GENERATE_INFOPLIST_FILE = YES;
				IPHONEOS_DEPLOYMENT_TARGET = 16.4;
				MACOSX_DEPLOYMENT_TARGET = 13.3;
				MARKETING_VERSION = 1.0;
				PRODUCT_BUNDLE_IDENTIFIER = coyenenterprises.InterviewAceTests;
				PRODUCT_NAME = "$(TARGET_NAME)";
				SDKROOT = auto;
				SUPPORTED_PLATFORMS = "iphoneos iphonesimulator macosx";
				SWIFT_EMIT_LOC_STRINGS = NO;
				SWIFT_OPTIMIZATION_LEVEL = "-Onone";
				SWIFT_VERSION = 5.0;
				TARGETED_DEVICE_FAMILY = "1,2";
				TEST_HOST = "$(BUILT_PRODUCTS_DIR)/InterviewAce.app/$(BUNDLE_EXECUTABLE_FOLDER_PATH)/InterviewAce";
			};
			name = Debug;
		};
		42AAE7A42AB1742D00D6E27E /* Release */ = {
			isa = XCBuildConfiguration;
			buildSettings = {
				BUNDLE_LOADER = "$(TEST_HOST)";
				CLANG_ENABLE_MODULES = YES;
				CODE_SIGN_STYLE = Automatic;
				CURRENT_PROJECT_VERSION = 1;
				DEVELOPMENT_TEAM = L4E7659XTW;
				GENERATE_INFOPLIST_FILE = YES;
				IPHONEOS_DEPLOYMENT_TARGET = 16.4;
				MACOSX_DEPLOYMENT_TARGET = 13.3;
				MARKETING_VERSION = 1.0;
				PRODUCT_BUNDLE_IDENTIFIER = coyenenterprises.InterviewAceTests;
				PRODUCT_NAME = "$(TARGET_NAME)";
				SDKROOT = auto;
				SUPPORTED_PLATFORMS = "iphoneos iphonesimulator macosx";
				SWIFT_EMIT_LOC_STRINGS = NO;
				SWIFT_VERSION = 5.0;
				TARGETED_DEVICE_FAMILY = "1,2";
				TEST_HOST = "$(BUILT_PRODUCTS_DIR)/InterviewAce.app/$(BUNDLE_EXECUTABLE_FOLDER_PATH)/InterviewAce";
			};
			name = Release;
		};
		42F8EC192AB14DEF00E74AB5 /* Debug */ = {
			isa = XCBuildConfiguration;
			buildSettings = {
				ALWAYS_SEARCH_USER_PATHS = NO;
				CLANG_ANALYZER_NONNULL = YES;
				CLANG_ANALYZER_NUMBER_OBJECT_CONVERSION = YES_AGGRESSIVE;
				CLANG_CXX_LANGUAGE_STANDARD = "gnu++20";
				CLANG_ENABLE_MODULES = YES;
				CLANG_ENABLE_OBJC_ARC = YES;
				CLANG_ENABLE_OBJC_WEAK = YES;
				CLANG_WARN_BLOCK_CAPTURE_AUTORELEASING = YES;
				CLANG_WARN_BOOL_CONVERSION = YES;
				CLANG_WARN_COMMA = YES;
				CLANG_WARN_CONSTANT_CONVERSION = YES;
				CLANG_WARN_DEPRECATED_OBJC_IMPLEMENTATIONS = YES;
				CLANG_WARN_DIRECT_OBJC_ISA_USAGE = YES_ERROR;
				CLANG_WARN_DOCUMENTATION_COMMENTS = YES;
				CLANG_WARN_EMPTY_BODY = YES;
				CLANG_WARN_ENUM_CONVERSION = YES;
				CLANG_WARN_INFINITE_RECURSION = YES;
				CLANG_WARN_INT_CONVERSION = YES;
				CLANG_WARN_NON_LITERAL_NULL_CONVERSION = YES;
				CLANG_WARN_OBJC_IMPLICIT_RETAIN_SELF = YES;
				CLANG_WARN_OBJC_LITERAL_CONVERSION = YES;
				CLANG_WARN_OBJC_ROOT_CLASS = YES_ERROR;
				CLANG_WARN_QUOTED_INCLUDE_IN_FRAMEWORK_HEADER = YES;
				CLANG_WARN_RANGE_LOOP_ANALYSIS = YES;
				CLANG_WARN_STRICT_PROTOTYPES = YES;
				CLANG_WARN_SUSPICIOUS_MOVE = YES;
				CLANG_WARN_UNGUARDED_AVAILABILITY = YES_AGGRESSIVE;
				CLANG_WARN_UNREACHABLE_CODE = YES;
				CLANG_WARN__DUPLICATE_METHOD_MATCH = YES;
				COPY_PHASE_STRIP = NO;
				DEBUG_INFORMATION_FORMAT = dwarf;
				ENABLE_STRICT_OBJC_MSGSEND = YES;
				ENABLE_TESTABILITY = YES;
				GCC_C_LANGUAGE_STANDARD = gnu11;
				GCC_DYNAMIC_NO_PIC = NO;
				GCC_NO_COMMON_BLOCKS = YES;
				GCC_OPTIMIZATION_LEVEL = 0;
				GCC_PREPROCESSOR_DEFINITIONS = (
					"DEBUG=1",
					"$(inherited)",
				);
				GCC_WARN_64_TO_32_BIT_CONVERSION = YES;
				GCC_WARN_ABOUT_RETURN_TYPE = YES_ERROR;
				GCC_WARN_UNDECLARED_SELECTOR = YES;
				GCC_WARN_UNINITIALIZED_AUTOS = YES_AGGRESSIVE;
				GCC_WARN_UNUSED_FUNCTION = YES;
				GCC_WARN_UNUSED_VARIABLE = YES;
				IPHONEOS_DEPLOYMENT_TARGET = 16.4;
				MTL_ENABLE_DEBUG_INFO = INCLUDE_SOURCE;
				MTL_FAST_MATH = YES;
				ONLY_ACTIVE_ARCH = YES;
				SDKROOT = iphoneos;
				SWIFT_ACTIVE_COMPILATION_CONDITIONS = DEBUG;
				SWIFT_OPTIMIZATION_LEVEL = "-Onone";
			};
			name = Debug;
		};
		42F8EC1A2AB14DEF00E74AB5 /* Release */ = {
			isa = XCBuildConfiguration;
			buildSettings = {
				ALWAYS_SEARCH_USER_PATHS = NO;
				CLANG_ANALYZER_NONNULL = YES;
				CLANG_ANALYZER_NUMBER_OBJECT_CONVERSION = YES_AGGRESSIVE;
				CLANG_CXX_LANGUAGE_STANDARD = "gnu++20";
				CLANG_ENABLE_MODULES = YES;
				CLANG_ENABLE_OBJC_ARC = YES;
				CLANG_ENABLE_OBJC_WEAK = YES;
				CLANG_WARN_BLOCK_CAPTURE_AUTORELEASING = YES;
				CLANG_WARN_BOOL_CONVERSION = YES;
				CLANG_WARN_COMMA = YES;
				CLANG_WARN_CONSTANT_CONVERSION = YES;
				CLANG_WARN_DEPRECATED_OBJC_IMPLEMENTATIONS = YES;
				CLANG_WARN_DIRECT_OBJC_ISA_USAGE = YES_ERROR;
				CLANG_WARN_DOCUMENTATION_COMMENTS = YES;
				CLANG_WARN_EMPTY_BODY = YES;
				CLANG_WARN_ENUM_CONVERSION = YES;
				CLANG_WARN_INFINITE_RECURSION = YES;
				CLANG_WARN_INT_CONVERSION = YES;
				CLANG_WARN_NON_LITERAL_NULL_CONVERSION = YES;
				CLANG_WARN_OBJC_IMPLICIT_RETAIN_SELF = YES;
				CLANG_WARN_OBJC_LITERAL_CONVERSION = YES;
				CLANG_WARN_OBJC_ROOT_CLASS = YES_ERROR;
				CLANG_WARN_QUOTED_INCLUDE_IN_FRAMEWORK_HEADER = YES;
				CLANG_WARN_RANGE_LOOP_ANALYSIS = YES;
				CLANG_WARN_STRICT_PROTOTYPES = YES;
				CLANG_WARN_SUSPICIOUS_MOVE = YES;
				CLANG_WARN_UNGUARDED_AVAILABILITY = YES_AGGRESSIVE;
				CLANG_WARN_UNREACHABLE_CODE = YES;
				CLANG_WARN__DUPLICATE_METHOD_MATCH = YES;
				COPY_PHASE_STRIP = NO;
				DEBUG_INFORMATION_FORMAT = "dwarf-with-dsym";
				ENABLE_NS_ASSERTIONS = NO;
				ENABLE_STRICT_OBJC_MSGSEND = YES;
				GCC_C_LANGUAGE_STANDARD = gnu11;
				GCC_NO_COMMON_BLOCKS = YES;
				GCC_WARN_64_TO_32_BIT_CONVERSION = YES;
				GCC_WARN_ABOUT_RETURN_TYPE = YES_ERROR;
				GCC_WARN_UNDECLARED_SELECTOR = YES;
				GCC_WARN_UNINITIALIZED_AUTOS = YES_AGGRESSIVE;
				GCC_WARN_UNUSED_FUNCTION = YES;
				GCC_WARN_UNUSED_VARIABLE = YES;
				IPHONEOS_DEPLOYMENT_TARGET = 16.4;
				MTL_ENABLE_DEBUG_INFO = NO;
				MTL_FAST_MATH = YES;
				SDKROOT = iphoneos;
				SWIFT_COMPILATION_MODE = wholemodule;
				SWIFT_OPTIMIZATION_LEVEL = "-O";
				VALIDATE_PRODUCT = YES;
			};
			name = Release;
		};
		42F8EC1C2AB14DEF00E74AB5 /* Debug */ = {
			isa = XCBuildConfiguration;
			buildSettings = {
				ASSETCATALOG_COMPILER_APPICON_NAME = AppIcon;
				ASSETCATALOG_COMPILER_GLOBAL_ACCENT_COLOR_NAME = AccentColor;
				CODE_SIGN_STYLE = Automatic;
				CURRENT_PROJECT_VERSION = 1;
				DEVELOPMENT_ASSET_PATHS = "\"InterviewAce/Preview Content\"";
				DEVELOPMENT_TEAM = "";
				ENABLE_PREVIEWS = YES;
				GENERATE_INFOPLIST_FILE = YES;
				INFOPLIST_FILE = InterviewAce/Info.plist;
				INFOPLIST_KEY_CFBundleDisplayName = "Interview Ace";
				INFOPLIST_KEY_LSApplicationCategoryType = "public.app-category.business";
				INFOPLIST_KEY_UIApplicationSceneManifest_Generation = YES;
				INFOPLIST_KEY_UIApplicationSupportsIndirectInputEvents = YES;
				INFOPLIST_KEY_UILaunchScreen_Generation = YES;
				INFOPLIST_KEY_UISupportedInterfaceOrientations = UIInterfaceOrientationPortrait;
				IPHONEOS_DEPLOYMENT_TARGET = 15.0;
				LD_RUNPATH_SEARCH_PATHS = (
					"$(inherited)",
					"@executable_path/Frameworks",
				);
				MARKETING_VERSION = 1.1.1;
				PRODUCT_BUNDLE_IDENTIFIER = InterviewAce;
				PRODUCT_NAME = "$(TARGET_NAME)";
				SUPPORTED_PLATFORMS = "iphoneos iphonesimulator";
				SUPPORTS_MACCATALYST = NO;
				SUPPORTS_MAC_DESIGNED_FOR_IPHONE_IPAD = NO;
				SWIFT_EMIT_LOC_STRINGS = YES;
				SWIFT_VERSION = 5.0;
				TARGETED_DEVICE_FAMILY = 1;
			};
			name = Debug;
		};
		42F8EC1D2AB14DEF00E74AB5 /* Release */ = {
			isa = XCBuildConfiguration;
			buildSettings = {
				ASSETCATALOG_COMPILER_APPICON_NAME = AppIcon;
				ASSETCATALOG_COMPILER_GLOBAL_ACCENT_COLOR_NAME = AccentColor;
				CODE_SIGN_STYLE = Automatic;
				CURRENT_PROJECT_VERSION = 1;
				DEVELOPMENT_ASSET_PATHS = "\"InterviewAce/Preview Content\"";
				DEVELOPMENT_TEAM = "";
				ENABLE_PREVIEWS = YES;
				GENERATE_INFOPLIST_FILE = YES;
				INFOPLIST_FILE = InterviewAce/Info.plist;
				INFOPLIST_KEY_CFBundleDisplayName = "Interview Ace";
				INFOPLIST_KEY_LSApplicationCategoryType = "public.app-category.business";
				INFOPLIST_KEY_UIApplicationSceneManifest_Generation = YES;
				INFOPLIST_KEY_UIApplicationSupportsIndirectInputEvents = YES;
				INFOPLIST_KEY_UILaunchScreen_Generation = YES;
				INFOPLIST_KEY_UISupportedInterfaceOrientations = UIInterfaceOrientationPortrait;
				IPHONEOS_DEPLOYMENT_TARGET = 15.0;
				LD_RUNPATH_SEARCH_PATHS = (
					"$(inherited)",
					"@executable_path/Frameworks",
				);
				MARKETING_VERSION = 1.1.1;
				PRODUCT_BUNDLE_IDENTIFIER = InterviewAce;
				PRODUCT_NAME = "$(TARGET_NAME)";
				SUPPORTED_PLATFORMS = "iphoneos iphonesimulator";
				SUPPORTS_MACCATALYST = NO;
				SUPPORTS_MAC_DESIGNED_FOR_IPHONE_IPAD = NO;
				SWIFT_EMIT_LOC_STRINGS = YES;
				SWIFT_VERSION = 5.0;
				TARGETED_DEVICE_FAMILY = 1;
			};
			name = Release;
		};
/* End XCBuildConfiguration section */

/* Begin XCConfigurationList section */
		42AAE7A52AB1742D00D6E27E /* Build configuration list for PBXNativeTarget "InterviewAceTests" */ = {
			isa = XCConfigurationList;
			buildConfigurations = (
				42AAE7A32AB1742D00D6E27E /* Debug */,
				42AAE7A42AB1742D00D6E27E /* Release */,
			);
			defaultConfigurationIsVisible = 0;
			defaultConfigurationName = Release;
		};
		42F8EC032AB14DEE00E74AB5 /* Build configuration list for PBXProject "InterviewAce" */ = {
			isa = XCConfigurationList;
			buildConfigurations = (
				42F8EC192AB14DEF00E74AB5 /* Debug */,
				42F8EC1A2AB14DEF00E74AB5 /* Release */,
			);
			defaultConfigurationIsVisible = 0;
			defaultConfigurationName = Release;
		};
		42F8EC1B2AB14DEF00E74AB5 /* Build configuration list for PBXNativeTarget "InterviewAce" */ = {
			isa = XCConfigurationList;
			buildConfigurations = (
				42F8EC1C2AB14DEF00E74AB5 /* Debug */,
				42F8EC1D2AB14DEF00E74AB5 /* Release */,
			);
			defaultConfigurationIsVisible = 0;
			defaultConfigurationName = Release;
		};
/* End XCConfigurationList section */

/* Begin XCRemoteSwiftPackageReference section */
		BE57F8262B44F2B3002039B5 /* XCRemoteSwiftPackageReference "firebase-ios-sdk" */ = {
			isa = XCRemoteSwiftPackageReference;
			repositoryURL = "https://github.com/firebase/firebase-ios-sdk";
			requirement = {
				kind = upToNextMajorVersion;
				minimumVersion = 10.19.1;
			};
		};
/* End XCRemoteSwiftPackageReference section */

/* Begin XCSwiftPackageProductDependency section */
		BE57F8272B44F2B3002039B5 /* FirebaseAnalytics */ = {
			isa = XCSwiftPackageProductDependency;
			package = BE57F8262B44F2B3002039B5 /* XCRemoteSwiftPackageReference "firebase-ios-sdk" */;
			productName = FirebaseAnalytics;
		};
/* End XCSwiftPackageProductDependency section */

/* Begin XCVersionGroup section */
		42F8EC162AB14DEF00E74AB5 /* InterviewAce.xcdatamodeld */ = {
			isa = XCVersionGroup;
			children = (
				42F8EC172AB14DEF00E74AB5 /* InterviewAce.xcdatamodel */,
			);
			currentVersion = 42F8EC172AB14DEF00E74AB5 /* InterviewAce.xcdatamodel */;
			path = InterviewAce.xcdatamodeld;
			sourceTree = "<group>";
			versionGroupType = wrapper.xcdatamodel;
		};
/* End XCVersionGroup section */
	};
	rootObject = 42F8EC002AB14DEE00E74AB5 /* Project object */;
}
